
Microsoft Visual Studio Solution File, Format Version 12.00
# Visual Studio 15
VisualStudioVersion = 15.0.26124.0
MinimumVisualStudioVersion = 15.0.26124.0
Project("{FAE04EC0-301F-11D3-BF4B-00C04F79EFBC}") = "SimpleGC", "SimpleGC\SimpleGC.csproj", "{A63FF747-BE03-4735-AA3B-4F8A4EF5D4D4}"
EndProject
Project("{FAE04EC0-301F-11D3-BF4B-00C04F79EFBC}") = "SimpleFinalize", "SimpleFinalize\SimpleFinalize.csproj", "{079089DC-9045-4A90-8AFF-8463B7BD21BC}"
EndProject
Project("{FAE04EC0-301F-11D3-BF4B-00C04F79EFBC}") = "FinalizableDisposableClass", "FinalizableDisposableClass\FinalizableDisposableClass.csproj", "{0F6B4570-F1FC-48AA-8CD5-3989181C2677}"
EndProject
Project("{FAE04EC0-301F-11D3-BF4B-00C04F79EFBC}") = "LazyObjectInstantiation", "LazyObjectInstantiation\LazyObjectInstantiation.csproj", "{EB43AA60-78D4-4FA4-B4FE-F301787D80C3}"
EndProject
Global
	GlobalSection(SolutionConfigurationPlatforms) = preSolution
		Debug|Any CPU = Debug|Any CPU
		Debug|x64 = Debug|x64
		Debug|x86 = Debug|x86
		Release|Any CPU = Release|Any CPU
		Release|x64 = Release|x64
		Release|x86 = Release|x86
	EndGlobalSection
	GlobalSection(SolutionProperties) = preSolution
		HideSolutionNode = FALSE
	EndGlobalSection
	GlobalSection(ProjectConfigurationPlatforms) = postSolution
		{A63FF747-BE03-4735-AA3B-4F8A4EF5D4D4}.Debug|Any CPU.ActiveCfg = Debug|Any CPU
		{A63FF747-BE03-4735-AA3B-4F8A4EF5D4D4}.Debug|Any CPU.Build.0 = Debug|Any CPU
		{A63FF747-BE03-4735-AA3B-4F8A4EF5D4D4}.Debug|x64.ActiveCfg = Debug|Any CPU
		{A63FF747-BE03-4735-AA3B-4F8A4EF5D4D4}.Debug|x64.Build.0 = Debug|Any CPU
		{A63FF747-BE03-4735-AA3B-4F8A4EF5D4D4}.Debug|x86.ActiveCfg = Debug|Any CPU
		{A63FF747-BE03-4735-AA3B-4F8A4EF5D4D4}.Debug|x86.Build.0 = Debug|Any CPU
		{A63FF747-BE03-4735-AA3B-4F8A4EF5D4D4}.Release|Any CPU.ActiveCfg = Release|Any CPU
		{A63FF747-BE03-4735-AA3B-4F8A4EF5D4D4}.Release|Any CPU.Build.0 = Release|Any CPU
		{A63FF747-BE03-4735-AA3B-4F8A4EF5D4D4}.Release|x64.ActiveCfg = Release|Any CPU
		{A63FF747-BE03-4735-AA3B-4F8A4EF5D4D4}.Release|x64.Build.0 = Release|Any CPU
		{A63FF747-BE03-4735-AA3B-4F8A4EF5D4D4}.Release|x86.ActiveCfg = Release|Any CPU
		{A63FF747-BE03-4735-AA3B-4F8A4EF5D4D4}.Release|x86.Build.0 = Release|Any CPU
		{079089DC-9045-4A90-8AFF-8463B7BD21BC}.Debug|Any CPU.ActiveCfg = Debug|Any CPU
		{079089DC-9045-4A90-8AFF-8463B7BD21BC}.Debug|Any CPU.Build.0 = Debug|Any CPU
		{079089DC-9045-4A90-8AFF-8463B7BD21BC}.Debug|x64.ActiveCfg = Debug|Any CPU
		{079089DC-9045-4A90-8AFF-8463B7BD21BC}.Debug|x64.Build.0 = Debug|Any CPU
		{079089DC-9045-4A90-8AFF-8463B7BD21BC}.Debug|x86.ActiveCfg = Debug|Any CPU
		{079089DC-9045-4A90-8AFF-8463B7BD21BC}.Debug|x86.Build.0 = Debug|Any CPU
		{079089DC-9045-4A90-8AFF-8463B7BD21BC}.Release|Any CPU.ActiveCfg = Release|Any CPU
		{079089DC-9045-4A90-8AFF-8463B7BD21BC}.Release|Any CPU.Build.0 = Release|Any CPU
		{079089DC-9045-4A90-8AFF-8463B7BD21BC}.Release|x64.ActiveCfg = Release|Any CPU
		{079089DC-9045-4A90-8AFF-8463B7BD21BC}.Release|x64.Build.0 = Release|Any CPU
		{079089DC-9045-4A90-8AFF-8463B7BD21BC}.Release|x86.ActiveCfg = Release|Any CPU
		{079089DC-9045-4A90-8AFF-8463B7BD21BC}.Release|x86.Build.0 = Release|Any CPU
		{0F6B4570-F1FC-48AA-8CD5-3989181C2677}.Debug|Any CPU.ActiveCfg = Debug|Any CPU
		{0F6B4570-F1FC-48AA-8CD5-3989181C2677}.Debug|Any CPU.Build.0 = Debug|Any CPU
		{0F6B4570-F1FC-48AA-8CD5-3989181C2677}.Debug|x64.ActiveCfg = Debug|Any CPU
		{0F6B4570-F1FC-48AA-8CD5-3989181C2677}.Debug|x64.Build.0 = Debug|Any CPU
		{0F6B4570-F1FC-48AA-8CD5-3989181C2677}.Debug|x86.ActiveCfg = Debug|Any CPU
		{0F6B4570-F1FC-48AA-8CD5-3989181C2677}.Debug|x86.Build.0 = Debug|Any CPU
		{0F6B4570-F1FC-48AA-8CD5-3989181C2677}.Release|Any CPU.ActiveCfg = Release|Any CPU
		{0F6B4570-F1FC-48AA-8CD5-3989181C2677}.Release|Any CPU.Build.0 = Release|Any CPU
		{0F6B4570-F1FC-48AA-8CD5-3989181C2677}.Release|x64.ActiveCfg = Release|Any CPU
		{0F6B4570-F1FC-48AA-8CD5-3989181C2677}.Release|x64.Build.0 = Release|Any CPU
		{0F6B4570-F1FC-48AA-8CD5-3989181C2677}.Release|x86.ActiveCfg = Release|Any CPU
		{0F6B4570-F1FC-48AA-8CD5-3989181C2677}.Release|x86.Build.0 = Release|Any CPU
		{EB43AA60-78D4-4FA4-B4FE-F301787D80C3}.Debug|Any CPU.ActiveCfg = Debug|Any CPU
		{EB43AA60-78D4-4FA4-B4FE-F301787D80C3}.Debug|Any CPU.Build.0 = Debug|Any CPU
		{EB43AA60-78D4-4FA4-B4FE-F301787D80C3}.Debug|x64.ActiveCfg = Debug|Any CPU
		{EB43AA60-78D4-4FA4-B4FE-F301787D80C3}.Debug|x64.Build.0 = Debug|Any CPU
		{EB43AA60-78D4-4FA4-B4FE-F301787D80C3}.Debug|x86.ActiveCfg = Debug|Any CPU
		{EB43AA60-78D4-4FA4-B4FE-F301787D80C3}.Debug|x86.Build.0 = Debug|Any CPU
		{EB43AA60-78D4-4FA4-B4FE-F301787D80C3}.Release|Any CPU.ActiveCfg = Release|Any CPU
		{EB43AA60-78D4-4FA4-B4FE-F301787D80C3}.Release|Any CPU.Build.0 = Release|Any CPU
		{EB43AA60-78D4-4FA4-B4FE-F301787D80C3}.Release|x64.ActiveCfg = Release|Any CPU
		{EB43AA60-78D4-4FA4-B4FE-F301787D80C3}.Release|x64.Build.0 = Release|Any CPU
		{EB43AA60-78D4-4FA4-B4FE-F301787D80C3}.Release|x86.ActiveCfg = Release|Any CPU
		{EB43AA60-78D4-4FA4-B4FE-F301787D80C3}.Release|x86.Build.0 = Release|Any CPU
	EndGlobalSection
EndGlobal
