
Microsoft Visual Studio Solution File, Format Version 12.00
# Visual Studio 15
VisualStudioVersion = 15.0.26124.0
MinimumVisualStudioVersion = 15.0.26124.0
Project("{FAE04EC0-301F-11D3-BF4B-00C04F79EFBC}") = "SimpleIndexer", "SimpleIndexer\SimpleIndexer.csproj", "{A4540459-A22D-42CB-BE56-296C9EE52F30}"
EndProject
Project("{FAE04EC0-301F-11D3-BF4B-00C04F79EFBC}") = "OverloadedOps", "OverloadedOps\OverloadedOps.csproj", "{98F39427-4061-4965-8DEF-46AABC18E258}"
EndProject
Project("{FAE04EC0-301F-11D3-BF4B-00C04F79EFBC}") = "CustomConversions", "CustomConversions\CustomConversions.csproj", "{4F8DA2A5-3E2A-4AF8-8E8C-B10E596EA50F}"
EndProject
Project("{FAE04EC0-301F-11D3-BF4B-00C04F79EFBC}") = "ExtensionMethods", "ExtensionMethods\ExtensionMethods.csproj", "{C82027C6-36C6-4F60-8122-7F76FC8CCB3D}"
EndProject
Project("{FAE04EC0-301F-11D3-BF4B-00C04F79EFBC}") = "InterfaceExtensions", "InterfaceExtensions\InterfaceExtensions.csproj", "{847BF89A-6550-4D34-844A-939D83AEA00E}"
EndProject
Project("{FAE04EC0-301F-11D3-BF4B-00C04F79EFBC}") = "AnonymousTypes", "AnonymousTypes\AnonymousTypes.csproj", "{BE6C9BC6-AF3A-4EA8-8DEC-D4936071E346}"
EndProject
Global
	GlobalSection(SolutionConfigurationPlatforms) = preSolution
		Debug|Any CPU = Debug|Any CPU
		Debug|x64 = Debug|x64
		Debug|x86 = Debug|x86
		Release|Any CPU = Release|Any CPU
		Release|x64 = Release|x64
		Release|x86 = Release|x86
	EndGlobalSection
	GlobalSection(SolutionProperties) = preSolution
		HideSolutionNode = FALSE
	EndGlobalSection
	GlobalSection(ProjectConfigurationPlatforms) = postSolution
		{A4540459-A22D-42CB-BE56-296C9EE52F30}.Debug|Any CPU.ActiveCfg = Debug|Any CPU
		{A4540459-A22D-42CB-BE56-296C9EE52F30}.Debug|Any CPU.Build.0 = Debug|Any CPU
		{A4540459-A22D-42CB-BE56-296C9EE52F30}.Debug|x64.ActiveCfg = Debug|Any CPU
		{A4540459-A22D-42CB-BE56-296C9EE52F30}.Debug|x64.Build.0 = Debug|Any CPU
		{A4540459-A22D-42CB-BE56-296C9EE52F30}.Debug|x86.ActiveCfg = Debug|Any CPU
		{A4540459-A22D-42CB-BE56-296C9EE52F30}.Debug|x86.Build.0 = Debug|Any CPU
		{A4540459-A22D-42CB-BE56-296C9EE52F30}.Release|Any CPU.ActiveCfg = Release|Any CPU
		{A4540459-A22D-42CB-BE56-296C9EE52F30}.Release|Any CPU.Build.0 = Release|Any CPU
		{A4540459-A22D-42CB-BE56-296C9EE52F30}.Release|x64.ActiveCfg = Release|Any CPU
		{A4540459-A22D-42CB-BE56-296C9EE52F30}.Release|x64.Build.0 = Release|Any CPU
		{A4540459-A22D-42CB-BE56-296C9EE52F30}.Release|x86.ActiveCfg = Release|Any CPU
		{A4540459-A22D-42CB-BE56-296C9EE52F30}.Release|x86.Build.0 = Release|Any CPU
		{98F39427-4061-4965-8DEF-46AABC18E258}.Debug|Any CPU.ActiveCfg = Debug|Any CPU
		{98F39427-4061-4965-8DEF-46AABC18E258}.Debug|Any CPU.Build.0 = Debug|Any CPU
		{98F39427-4061-4965-8DEF-46AABC18E258}.Debug|x64.ActiveCfg = Debug|Any CPU
		{98F39427-4061-4965-8DEF-46AABC18E258}.Debug|x64.Build.0 = Debug|Any CPU
		{98F39427-4061-4965-8DEF-46AABC18E258}.Debug|x86.ActiveCfg = Debug|Any CPU
		{98F39427-4061-4965-8DEF-46AABC18E258}.Debug|x86.Build.0 = Debug|Any CPU
		{98F39427-4061-4965-8DEF-46AABC18E258}.Release|Any CPU.ActiveCfg = Release|Any CPU
		{98F39427-4061-4965-8DEF-46AABC18E258}.Release|Any CPU.Build.0 = Release|Any CPU
		{98F39427-4061-4965-8DEF-46AABC18E258}.Release|x64.ActiveCfg = Release|Any CPU
		{98F39427-4061-4965-8DEF-46AABC18E258}.Release|x64.Build.0 = Release|Any CPU
		{98F39427-4061-4965-8DEF-46AABC18E258}.Release|x86.ActiveCfg = Release|Any CPU
		{98F39427-4061-4965-8DEF-46AABC18E258}.Release|x86.Build.0 = Release|Any CPU
		{4F8DA2A5-3E2A-4AF8-8E8C-B10E596EA50F}.Debug|Any CPU.ActiveCfg = Debug|Any CPU
		{4F8DA2A5-3E2A-4AF8-8E8C-B10E596EA50F}.Debug|Any CPU.Build.0 = Debug|Any CPU
		{4F8DA2A5-3E2A-4AF8-8E8C-B10E596EA50F}.Debug|x64.ActiveCfg = Debug|Any CPU
		{4F8DA2A5-3E2A-4AF8-8E8C-B10E596EA50F}.Debug|x64.Build.0 = Debug|Any CPU
		{4F8DA2A5-3E2A-4AF8-8E8C-B10E596EA50F}.Debug|x86.ActiveCfg = Debug|Any CPU
		{4F8DA2A5-3E2A-4AF8-8E8C-B10E596EA50F}.Debug|x86.Build.0 = Debug|Any CPU
		{4F8DA2A5-3E2A-4AF8-8E8C-B10E596EA50F}.Release|Any CPU.ActiveCfg = Release|Any CPU
		{4F8DA2A5-3E2A-4AF8-8E8C-B10E596EA50F}.Release|Any CPU.Build.0 = Release|Any CPU
		{4F8DA2A5-3E2A-4AF8-8E8C-B10E596EA50F}.Release|x64.ActiveCfg = Release|Any CPU
		{4F8DA2A5-3E2A-4AF8-8E8C-B10E596EA50F}.Release|x64.Build.0 = Release|Any CPU
		{4F8DA2A5-3E2A-4AF8-8E8C-B10E596EA50F}.Release|x86.ActiveCfg = Release|Any CPU
		{4F8DA2A5-3E2A-4AF8-8E8C-B10E596EA50F}.Release|x86.Build.0 = Release|Any CPU
		{C82027C6-36C6-4F60-8122-7F76FC8CCB3D}.Debug|Any CPU.ActiveCfg = Debug|Any CPU
		{C82027C6-36C6-4F60-8122-7F76FC8CCB3D}.Debug|Any CPU.Build.0 = Debug|Any CPU
		{C82027C6-36C6-4F60-8122-7F76FC8CCB3D}.Debug|x64.ActiveCfg = Debug|Any CPU
		{C82027C6-36C6-4F60-8122-7F76FC8CCB3D}.Debug|x64.Build.0 = Debug|Any CPU
		{C82027C6-36C6-4F60-8122-7F76FC8CCB3D}.Debug|x86.ActiveCfg = Debug|Any CPU
		{C82027C6-36C6-4F60-8122-7F76FC8CCB3D}.Debug|x86.Build.0 = Debug|Any CPU
		{C82027C6-36C6-4F60-8122-7F76FC8CCB3D}.Release|Any CPU.ActiveCfg = Release|Any CPU
		{C82027C6-36C6-4F60-8122-7F76FC8CCB3D}.Release|Any CPU.Build.0 = Release|Any CPU
		{C82027C6-36C6-4F60-8122-7F76FC8CCB3D}.Release|x64.ActiveCfg = Release|Any CPU
		{C82027C6-36C6-4F60-8122-7F76FC8CCB3D}.Release|x64.Build.0 = Release|Any CPU
		{C82027C6-36C6-4F60-8122-7F76FC8CCB3D}.Release|x86.ActiveCfg = Release|Any CPU
		{C82027C6-36C6-4F60-8122-7F76FC8CCB3D}.Release|x86.Build.0 = Release|Any CPU
		{847BF89A-6550-4D34-844A-939D83AEA00E}.Debug|Any CPU.ActiveCfg = Debug|Any CPU
		{847BF89A-6550-4D34-844A-939D83AEA00E}.Debug|Any CPU.Build.0 = Debug|Any CPU
		{847BF89A-6550-4D34-844A-939D83AEA00E}.Debug|x64.ActiveCfg = Debug|Any CPU
		{847BF89A-6550-4D34-844A-939D83AEA00E}.Debug|x64.Build.0 = Debug|Any CPU
		{847BF89A-6550-4D34-844A-939D83AEA00E}.Debug|x86.ActiveCfg = Debug|Any CPU
		{847BF89A-6550-4D34-844A-939D83AEA00E}.Debug|x86.Build.0 = Debug|Any CPU
		{847BF89A-6550-4D34-844A-939D83AEA00E}.Release|Any CPU.ActiveCfg = Release|Any CPU
		{847BF89A-6550-4D34-844A-939D83AEA00E}.Release|Any CPU.Build.0 = Release|Any CPU
		{847BF89A-6550-4D34-844A-939D83AEA00E}.Release|x64.ActiveCfg = Release|Any CPU
		{847BF89A-6550-4D34-844A-939D83AEA00E}.Release|x64.Build.0 = Release|Any CPU
		{847BF89A-6550-4D34-844A-939D83AEA00E}.Release|x86.ActiveCfg = Release|Any CPU
		{847BF89A-6550-4D34-844A-939D83AEA00E}.Release|x86.Build.0 = Release|Any CPU
		{BE6C9BC6-AF3A-4EA8-8DEC-D4936071E346}.Debug|Any CPU.ActiveCfg = Debug|Any CPU
		{BE6C9BC6-AF3A-4EA8-8DEC-D4936071E346}.Debug|Any CPU.Build.0 = Debug|Any CPU
		{BE6C9BC6-AF3A-4EA8-8DEC-D4936071E346}.Debug|x64.ActiveCfg = Debug|Any CPU
		{BE6C9BC6-AF3A-4EA8-8DEC-D4936071E346}.Debug|x64.Build.0 = Debug|Any CPU
		{BE6C9BC6-AF3A-4EA8-8DEC-D4936071E346}.Debug|x86.ActiveCfg = Debug|Any CPU
		{BE6C9BC6-AF3A-4EA8-8DEC-D4936071E346}.Debug|x86.Build.0 = Debug|Any CPU
		{BE6C9BC6-AF3A-4EA8-8DEC-D4936071E346}.Release|Any CPU.ActiveCfg = Release|Any CPU
		{BE6C9BC6-AF3A-4EA8-8DEC-D4936071E346}.Release|Any CPU.Build.0 = Release|Any CPU
		{BE6C9BC6-AF3A-4EA8-8DEC-D4936071E346}.Release|x64.ActiveCfg = Release|Any CPU
		{BE6C9BC6-AF3A-4EA8-8DEC-D4936071E346}.Release|x64.Build.0 = Release|Any CPU
		{BE6C9BC6-AF3A-4EA8-8DEC-D4936071E346}.Release|x86.ActiveCfg = Release|Any CPU
		{BE6C9BC6-AF3A-4EA8-8DEC-D4936071E346}.Release|x86.Build.0 = Release|Any CPU
	EndGlobalSection
EndGlobal
