
Microsoft Visual Studio Solution File, Format Version 12.00
# Visual Studio Version 16
VisualStudioVersion = 16.0.30114.105
MinimumVisualStudioVersion = 10.0.40219.1
Project("{FAE04EC0-301F-11D3-BF4B-00C04F79EFBC}") = "CommonSnappaleTypes", "CommonSnappaleTypes\CommonSnappaleTypes.csproj", "{2E137339-41C2-4A70-A484-29031DA74423}"
EndProject
Project("{FAE04EC0-301F-11D3-BF4B-00C04F79EFBC}") = "CSharpSnapin", "CSharpSnapin\CSharpSnapin.csproj", "{2FE501D5-F358-4127-8E6F-7AF36A319FB9}"
EndProject
Project("{FAE04EC0-301F-11D3-BF4B-00C04F79EFBC}") = "MyExtendableApp", "MyExtendableApp\MyExtendableApp.csproj", "{27B85A21-7DF1-4470-8C3C-0CA9F6DFD2B2}"
EndProject
Project("{F184B08F-C81C-45F6-A57F-5ABD9991F28F}") = "VbSnapIn", "VbSnapIn\VbSnapIn.vbproj", "{638D9609-2E05-4E06-99D7-A4E121D662C3}"
EndProject
Global
	GlobalSection(SolutionConfigurationPlatforms) = preSolution
		Debug|Any CPU = Debug|Any CPU
		Debug|x64 = Debug|x64
		Debug|x86 = Debug|x86
		Release|Any CPU = Release|Any CPU
		Release|x64 = Release|x64
		Release|x86 = Release|x86
	EndGlobalSection
	GlobalSection(SolutionProperties) = preSolution
		HideSolutionNode = FALSE
	EndGlobalSection
	GlobalSection(ProjectConfigurationPlatforms) = postSolution
		{2E137339-41C2-4A70-A484-29031DA74423}.Debug|Any CPU.ActiveCfg = Debug|Any CPU
		{2E137339-41C2-4A70-A484-29031DA74423}.Debug|Any CPU.Build.0 = Debug|Any CPU
		{2E137339-41C2-4A70-A484-29031DA74423}.Debug|x64.ActiveCfg = Debug|Any CPU
		{2E137339-41C2-4A70-A484-29031DA74423}.Debug|x64.Build.0 = Debug|Any CPU
		{2E137339-41C2-4A70-A484-29031DA74423}.Debug|x86.ActiveCfg = Debug|Any CPU
		{2E137339-41C2-4A70-A484-29031DA74423}.Debug|x86.Build.0 = Debug|Any CPU
		{2E137339-41C2-4A70-A484-29031DA74423}.Release|Any CPU.ActiveCfg = Release|Any CPU
		{2E137339-41C2-4A70-A484-29031DA74423}.Release|Any CPU.Build.0 = Release|Any CPU
		{2E137339-41C2-4A70-A484-29031DA74423}.Release|x64.ActiveCfg = Release|Any CPU
		{2E137339-41C2-4A70-A484-29031DA74423}.Release|x64.Build.0 = Release|Any CPU
		{2E137339-41C2-4A70-A484-29031DA74423}.Release|x86.ActiveCfg = Release|Any CPU
		{2E137339-41C2-4A70-A484-29031DA74423}.Release|x86.Build.0 = Release|Any CPU
		{2FE501D5-F358-4127-8E6F-7AF36A319FB9}.Debug|Any CPU.ActiveCfg = Debug|Any CPU
		{2FE501D5-F358-4127-8E6F-7AF36A319FB9}.Debug|Any CPU.Build.0 = Debug|Any CPU
		{2FE501D5-F358-4127-8E6F-7AF36A319FB9}.Debug|x64.ActiveCfg = Debug|Any CPU
		{2FE501D5-F358-4127-8E6F-7AF36A319FB9}.Debug|x64.Build.0 = Debug|Any CPU
		{2FE501D5-F358-4127-8E6F-7AF36A319FB9}.Debug|x86.ActiveCfg = Debug|Any CPU
		{2FE501D5-F358-4127-8E6F-7AF36A319FB9}.Debug|x86.Build.0 = Debug|Any CPU
		{2FE501D5-F358-4127-8E6F-7AF36A319FB9}.Release|Any CPU.ActiveCfg = Release|Any CPU
		{2FE501D5-F358-4127-8E6F-7AF36A319FB9}.Release|Any CPU.Build.0 = Release|Any CPU
		{2FE501D5-F358-4127-8E6F-7AF36A319FB9}.Release|x64.ActiveCfg = Release|Any CPU
		{2FE501D5-F358-4127-8E6F-7AF36A319FB9}.Release|x64.Build.0 = Release|Any CPU
		{2FE501D5-F358-4127-8E6F-7AF36A319FB9}.Release|x86.ActiveCfg = Release|Any CPU
		{2FE501D5-F358-4127-8E6F-7AF36A319FB9}.Release|x86.Build.0 = Release|Any CPU
		{27B85A21-7DF1-4470-8C3C-0CA9F6DFD2B2}.Debug|Any CPU.ActiveCfg = Debug|Any CPU
		{27B85A21-7DF1-4470-8C3C-0CA9F6DFD2B2}.Debug|Any CPU.Build.0 = Debug|Any CPU
		{27B85A21-7DF1-4470-8C3C-0CA9F6DFD2B2}.Debug|x64.ActiveCfg = Debug|Any CPU
		{27B85A21-7DF1-4470-8C3C-0CA9F6DFD2B2}.Debug|x64.Build.0 = Debug|Any CPU
		{27B85A21-7DF1-4470-8C3C-0CA9F6DFD2B2}.Debug|x86.ActiveCfg = Debug|Any CPU
		{27B85A21-7DF1-4470-8C3C-0CA9F6DFD2B2}.Debug|x86.Build.0 = Debug|Any CPU
		{27B85A21-7DF1-4470-8C3C-0CA9F6DFD2B2}.Release|Any CPU.ActiveCfg = Release|Any CPU
		{27B85A21-7DF1-4470-8C3C-0CA9F6DFD2B2}.Release|Any CPU.Build.0 = Release|Any CPU
		{27B85A21-7DF1-4470-8C3C-0CA9F6DFD2B2}.Release|x64.ActiveCfg = Release|Any CPU
		{27B85A21-7DF1-4470-8C3C-0CA9F6DFD2B2}.Release|x64.Build.0 = Release|Any CPU
		{27B85A21-7DF1-4470-8C3C-0CA9F6DFD2B2}.Release|x86.ActiveCfg = Release|Any CPU
		{27B85A21-7DF1-4470-8C3C-0CA9F6DFD2B2}.Release|x86.Build.0 = Release|Any CPU
		{638D9609-2E05-4E06-99D7-A4E121D662C3}.Debug|Any CPU.ActiveCfg = Debug|Any CPU
		{638D9609-2E05-4E06-99D7-A4E121D662C3}.Debug|Any CPU.Build.0 = Debug|Any CPU
		{638D9609-2E05-4E06-99D7-A4E121D662C3}.Debug|x64.ActiveCfg = Debug|Any CPU
		{638D9609-2E05-4E06-99D7-A4E121D662C3}.Debug|x64.Build.0 = Debug|Any CPU
		{638D9609-2E05-4E06-99D7-A4E121D662C3}.Debug|x86.ActiveCfg = Debug|Any CPU
		{638D9609-2E05-4E06-99D7-A4E121D662C3}.Debug|x86.Build.0 = Debug|Any CPU
		{638D9609-2E05-4E06-99D7-A4E121D662C3}.Release|Any CPU.ActiveCfg = Release|Any CPU
		{638D9609-2E05-4E06-99D7-A4E121D662C3}.Release|Any CPU.Build.0 = Release|Any CPU
		{638D9609-2E05-4E06-99D7-A4E121D662C3}.Release|x64.ActiveCfg = Release|Any CPU
		{638D9609-2E05-4E06-99D7-A4E121D662C3}.Release|x64.Build.0 = Release|Any CPU
		{638D9609-2E05-4E06-99D7-A4E121D662C3}.Release|x86.ActiveCfg = Release|Any CPU
		{638D9609-2E05-4E06-99D7-A4E121D662C3}.Release|x86.Build.0 = Release|Any CPU
	EndGlobalSection
EndGlobal
