
Microsoft Visual Studio Solution File, Format Version 12.00
# Visual Studio Version 16
VisualStudioVersion = 16.0.30114.105
MinimumVisualStudioVersion = 10.0.40219.1
Project("{FAE04EC0-301F-11D3-BF4B-00C04F79EFBC}") = "MyTypeViewer", "MyTypeViewer\MyTypeViewer.csproj", "{06EB8613-13C8-4D0A-9859-70963957025D}"
EndProject
Project("{FAE04EC0-301F-11D3-BF4B-00C04F79EFBC}") = "ExternalAssemblyReflector", "ExternalAssemblyReflector\ExternalAssemblyReflector.csproj", "{B6BB1418-6D49-4FC6-B8CB-6B88E817DA1F}"
EndProject
Project("{FAE04EC0-301F-11D3-BF4B-00C04F79EFBC}") = "FrameworkAssemblyViewer", "FrameworkAssemblyViewer\FrameworkAssemblyViewer.csproj", "{C9FE230C-B337-45FB-BF2B-0F5498722CC1}"
EndProject
Project("{FAE04EC0-301F-11D3-BF4B-00C04F79EFBC}") = "LateBindingApp", "LateBindingApp\LateBindingApp.csproj", "{43E91755-59B7-4E64-A083-A18DBBA602F9}"
EndProject
Project("{FAE04EC0-301F-11D3-BF4B-00C04F79EFBC}") = "ApplyingAttributes", "ApplyingAttributes\ApplyingAttributes.csproj", "{4F2AD702-E93C-4189-AF99-B00B9D77786E}"
EndProject
Project("{FAE04EC0-301F-11D3-BF4B-00C04F79EFBC}") = "AttributedCarLibrary", "AttributedCarLibrary\AttributedCarLibrary.csproj", "{62478432-0627-472D-BBCF-BD85E073849A}"
EndProject
Project("{FAE04EC0-301F-11D3-BF4B-00C04F79EFBC}") = "VehicleDescriptionAttributeReader", "VehicleDescriptionAttributeReader\VehicleDescriptionAttributeReader.csproj", "{7DAAFCBE-3C66-4568-9F39-BA8C547A7D1A}"
EndProject
Global
	GlobalSection(SolutionConfigurationPlatforms) = preSolution
		Debug|Any CPU = Debug|Any CPU
		Debug|x64 = Debug|x64
		Debug|x86 = Debug|x86
		Release|Any CPU = Release|Any CPU
		Release|x64 = Release|x64
		Release|x86 = Release|x86
	EndGlobalSection
	GlobalSection(SolutionProperties) = preSolution
		HideSolutionNode = FALSE
	EndGlobalSection
	GlobalSection(ProjectConfigurationPlatforms) = postSolution
		{06EB8613-13C8-4D0A-9859-70963957025D}.Debug|Any CPU.ActiveCfg = Debug|Any CPU
		{06EB8613-13C8-4D0A-9859-70963957025D}.Debug|Any CPU.Build.0 = Debug|Any CPU
		{06EB8613-13C8-4D0A-9859-70963957025D}.Debug|x64.ActiveCfg = Debug|Any CPU
		{06EB8613-13C8-4D0A-9859-70963957025D}.Debug|x64.Build.0 = Debug|Any CPU
		{06EB8613-13C8-4D0A-9859-70963957025D}.Debug|x86.ActiveCfg = Debug|Any CPU
		{06EB8613-13C8-4D0A-9859-70963957025D}.Debug|x86.Build.0 = Debug|Any CPU
		{06EB8613-13C8-4D0A-9859-70963957025D}.Release|Any CPU.ActiveCfg = Release|Any CPU
		{06EB8613-13C8-4D0A-9859-70963957025D}.Release|Any CPU.Build.0 = Release|Any CPU
		{06EB8613-13C8-4D0A-9859-70963957025D}.Release|x64.ActiveCfg = Release|Any CPU
		{06EB8613-13C8-4D0A-9859-70963957025D}.Release|x64.Build.0 = Release|Any CPU
		{06EB8613-13C8-4D0A-9859-70963957025D}.Release|x86.ActiveCfg = Release|Any CPU
		{06EB8613-13C8-4D0A-9859-70963957025D}.Release|x86.Build.0 = Release|Any CPU
		{B6BB1418-6D49-4FC6-B8CB-6B88E817DA1F}.Debug|Any CPU.ActiveCfg = Debug|Any CPU
		{B6BB1418-6D49-4FC6-B8CB-6B88E817DA1F}.Debug|Any CPU.Build.0 = Debug|Any CPU
		{B6BB1418-6D49-4FC6-B8CB-6B88E817DA1F}.Debug|x64.ActiveCfg = Debug|Any CPU
		{B6BB1418-6D49-4FC6-B8CB-6B88E817DA1F}.Debug|x64.Build.0 = Debug|Any CPU
		{B6BB1418-6D49-4FC6-B8CB-6B88E817DA1F}.Debug|x86.ActiveCfg = Debug|Any CPU
		{B6BB1418-6D49-4FC6-B8CB-6B88E817DA1F}.Debug|x86.Build.0 = Debug|Any CPU
		{B6BB1418-6D49-4FC6-B8CB-6B88E817DA1F}.Release|Any CPU.ActiveCfg = Release|Any CPU
		{B6BB1418-6D49-4FC6-B8CB-6B88E817DA1F}.Release|Any CPU.Build.0 = Release|Any CPU
		{B6BB1418-6D49-4FC6-B8CB-6B88E817DA1F}.Release|x64.ActiveCfg = Release|Any CPU
		{B6BB1418-6D49-4FC6-B8CB-6B88E817DA1F}.Release|x64.Build.0 = Release|Any CPU
		{B6BB1418-6D49-4FC6-B8CB-6B88E817DA1F}.Release|x86.ActiveCfg = Release|Any CPU
		{B6BB1418-6D49-4FC6-B8CB-6B88E817DA1F}.Release|x86.Build.0 = Release|Any CPU
		{C9FE230C-B337-45FB-BF2B-0F5498722CC1}.Debug|Any CPU.ActiveCfg = Debug|Any CPU
		{C9FE230C-B337-45FB-BF2B-0F5498722CC1}.Debug|Any CPU.Build.0 = Debug|Any CPU
		{C9FE230C-B337-45FB-BF2B-0F5498722CC1}.Debug|x64.ActiveCfg = Debug|Any CPU
		{C9FE230C-B337-45FB-BF2B-0F5498722CC1}.Debug|x64.Build.0 = Debug|Any CPU
		{C9FE230C-B337-45FB-BF2B-0F5498722CC1}.Debug|x86.ActiveCfg = Debug|Any CPU
		{C9FE230C-B337-45FB-BF2B-0F5498722CC1}.Debug|x86.Build.0 = Debug|Any CPU
		{C9FE230C-B337-45FB-BF2B-0F5498722CC1}.Release|Any CPU.ActiveCfg = Release|Any CPU
		{C9FE230C-B337-45FB-BF2B-0F5498722CC1}.Release|Any CPU.Build.0 = Release|Any CPU
		{C9FE230C-B337-45FB-BF2B-0F5498722CC1}.Release|x64.ActiveCfg = Release|Any CPU
		{C9FE230C-B337-45FB-BF2B-0F5498722CC1}.Release|x64.Build.0 = Release|Any CPU
		{C9FE230C-B337-45FB-BF2B-0F5498722CC1}.Release|x86.ActiveCfg = Release|Any CPU
		{C9FE230C-B337-45FB-BF2B-0F5498722CC1}.Release|x86.Build.0 = Release|Any CPU
		{43E91755-59B7-4E64-A083-A18DBBA602F9}.Debug|Any CPU.ActiveCfg = Debug|Any CPU
		{43E91755-59B7-4E64-A083-A18DBBA602F9}.Debug|Any CPU.Build.0 = Debug|Any CPU
		{43E91755-59B7-4E64-A083-A18DBBA602F9}.Debug|x64.ActiveCfg = Debug|Any CPU
		{43E91755-59B7-4E64-A083-A18DBBA602F9}.Debug|x64.Build.0 = Debug|Any CPU
		{43E91755-59B7-4E64-A083-A18DBBA602F9}.Debug|x86.ActiveCfg = Debug|Any CPU
		{43E91755-59B7-4E64-A083-A18DBBA602F9}.Debug|x86.Build.0 = Debug|Any CPU
		{43E91755-59B7-4E64-A083-A18DBBA602F9}.Release|Any CPU.ActiveCfg = Release|Any CPU
		{43E91755-59B7-4E64-A083-A18DBBA602F9}.Release|Any CPU.Build.0 = Release|Any CPU
		{43E91755-59B7-4E64-A083-A18DBBA602F9}.Release|x64.ActiveCfg = Release|Any CPU
		{43E91755-59B7-4E64-A083-A18DBBA602F9}.Release|x64.Build.0 = Release|Any CPU
		{43E91755-59B7-4E64-A083-A18DBBA602F9}.Release|x86.ActiveCfg = Release|Any CPU
		{43E91755-59B7-4E64-A083-A18DBBA602F9}.Release|x86.Build.0 = Release|Any CPU
		{4F2AD702-E93C-4189-AF99-B00B9D77786E}.Debug|Any CPU.ActiveCfg = Debug|Any CPU
		{4F2AD702-E93C-4189-AF99-B00B9D77786E}.Debug|Any CPU.Build.0 = Debug|Any CPU
		{4F2AD702-E93C-4189-AF99-B00B9D77786E}.Debug|x64.ActiveCfg = Debug|Any CPU
		{4F2AD702-E93C-4189-AF99-B00B9D77786E}.Debug|x64.Build.0 = Debug|Any CPU
		{4F2AD702-E93C-4189-AF99-B00B9D77786E}.Debug|x86.ActiveCfg = Debug|Any CPU
		{4F2AD702-E93C-4189-AF99-B00B9D77786E}.Debug|x86.Build.0 = Debug|Any CPU
		{4F2AD702-E93C-4189-AF99-B00B9D77786E}.Release|Any CPU.ActiveCfg = Release|Any CPU
		{4F2AD702-E93C-4189-AF99-B00B9D77786E}.Release|Any CPU.Build.0 = Release|Any CPU
		{4F2AD702-E93C-4189-AF99-B00B9D77786E}.Release|x64.ActiveCfg = Release|Any CPU
		{4F2AD702-E93C-4189-AF99-B00B9D77786E}.Release|x64.Build.0 = Release|Any CPU
		{4F2AD702-E93C-4189-AF99-B00B9D77786E}.Release|x86.ActiveCfg = Release|Any CPU
		{4F2AD702-E93C-4189-AF99-B00B9D77786E}.Release|x86.Build.0 = Release|Any CPU
		{62478432-0627-472D-BBCF-BD85E073849A}.Debug|Any CPU.ActiveCfg = Debug|Any CPU
		{62478432-0627-472D-BBCF-BD85E073849A}.Debug|Any CPU.Build.0 = Debug|Any CPU
		{62478432-0627-472D-BBCF-BD85E073849A}.Debug|x64.ActiveCfg = Debug|Any CPU
		{62478432-0627-472D-BBCF-BD85E073849A}.Debug|x64.Build.0 = Debug|Any CPU
		{62478432-0627-472D-BBCF-BD85E073849A}.Debug|x86.ActiveCfg = Debug|Any CPU
		{62478432-0627-472D-BBCF-BD85E073849A}.Debug|x86.Build.0 = Debug|Any CPU
		{62478432-0627-472D-BBCF-BD85E073849A}.Release|Any CPU.ActiveCfg = Release|Any CPU
		{62478432-0627-472D-BBCF-BD85E073849A}.Release|Any CPU.Build.0 = Release|Any CPU
		{62478432-0627-472D-BBCF-BD85E073849A}.Release|x64.ActiveCfg = Release|Any CPU
		{62478432-0627-472D-BBCF-BD85E073849A}.Release|x64.Build.0 = Release|Any CPU
		{62478432-0627-472D-BBCF-BD85E073849A}.Release|x86.ActiveCfg = Release|Any CPU
		{62478432-0627-472D-BBCF-BD85E073849A}.Release|x86.Build.0 = Release|Any CPU
		{7DAAFCBE-3C66-4568-9F39-BA8C547A7D1A}.Debug|Any CPU.ActiveCfg = Debug|Any CPU
		{7DAAFCBE-3C66-4568-9F39-BA8C547A7D1A}.Debug|Any CPU.Build.0 = Debug|Any CPU
		{7DAAFCBE-3C66-4568-9F39-BA8C547A7D1A}.Debug|x64.ActiveCfg = Debug|Any CPU
		{7DAAFCBE-3C66-4568-9F39-BA8C547A7D1A}.Debug|x64.Build.0 = Debug|Any CPU
		{7DAAFCBE-3C66-4568-9F39-BA8C547A7D1A}.Debug|x86.ActiveCfg = Debug|Any CPU
		{7DAAFCBE-3C66-4568-9F39-BA8C547A7D1A}.Debug|x86.Build.0 = Debug|Any CPU
		{7DAAFCBE-3C66-4568-9F39-BA8C547A7D1A}.Release|Any CPU.ActiveCfg = Release|Any CPU
		{7DAAFCBE-3C66-4568-9F39-BA8C547A7D1A}.Release|Any CPU.Build.0 = Release|Any CPU
		{7DAAFCBE-3C66-4568-9F39-BA8C547A7D1A}.Release|x64.ActiveCfg = Release|Any CPU
		{7DAAFCBE-3C66-4568-9F39-BA8C547A7D1A}.Release|x64.Build.0 = Release|Any CPU
		{7DAAFCBE-3C66-4568-9F39-BA8C547A7D1A}.Release|x86.ActiveCfg = Release|Any CPU
		{7DAAFCBE-3C66-4568-9F39-BA8C547A7D1A}.Release|x86.Build.0 = Release|Any CPU
	EndGlobalSection
EndGlobal
