
Microsoft Visual Studio Solution File, Format Version 12.00
# Visual Studio 15
VisualStudioVersion = 15.0.26124.0
MinimumVisualStudioVersion = 15.0.26124.0
Project("{FAE04EC0-301F-11D3-BF4B-00C04F79EFBC}") = "SimpleClassExample", "SimpleClassExample\SimpleClassExample.csproj", "{EC8E1965-553C-405D-923C-84D7E4B2B4C8}"
EndProject
Project("{FAE04EC0-301F-11D3-BF4B-00C04F79EFBC}") = "StaticDataAndMembers", "StaticDataAndMembers\StaticDataAndMembers.csproj", "{1EAC236E-47F9-489B-8DD4-AFEA7489913B}"
EndProject
Project("{FAE04EC0-301F-11D3-BF4B-00C04F79EFBC}") = "EmployeeApp", "EmployeeApp\EmployeeApp.csproj", "{B3E678A0-57B6-4A84-9BE9-B902F5FE638C}"
EndProject
Project("{FAE04EC0-301F-11D3-BF4B-00C04F79EFBC}") = "FunWithAutomaticProperties", "FunWithAutomaticProperties\FunWithAutomaticProperties.csproj", "{470280F9-F738-456B-879F-CF8BD6F733A1}"
EndProject
Project("{FAE04EC0-301F-11D3-BF4B-00C04F79EFBC}") = "ObjectInitializers", "ObjectInitializers\ObjectInitializers.csproj", "{FDDECBB7-F93B-44B6-BEE0-F2D5BF38EC29}"
EndProject
Project("{FAE04EC0-301F-11D3-BF4B-00C04F79EFBC}") = "ConstData", "ConstData\ConstData.csproj", "{9D6104B6-8281-48F2-9DF8-DDB9D827F783}"
EndProject
Global
	GlobalSection(SolutionConfigurationPlatforms) = preSolution
		Debug|Any CPU = Debug|Any CPU
		Debug|x64 = Debug|x64
		Debug|x86 = Debug|x86
		Release|Any CPU = Release|Any CPU
		Release|x64 = Release|x64
		Release|x86 = Release|x86
	EndGlobalSection
	GlobalSection(SolutionProperties) = preSolution
		HideSolutionNode = FALSE
	EndGlobalSection
	GlobalSection(ProjectConfigurationPlatforms) = postSolution
		{EC8E1965-553C-405D-923C-84D7E4B2B4C8}.Debug|Any CPU.ActiveCfg = Debug|Any CPU
		{EC8E1965-553C-405D-923C-84D7E4B2B4C8}.Debug|Any CPU.Build.0 = Debug|Any CPU
		{EC8E1965-553C-405D-923C-84D7E4B2B4C8}.Debug|x64.ActiveCfg = Debug|Any CPU
		{EC8E1965-553C-405D-923C-84D7E4B2B4C8}.Debug|x64.Build.0 = Debug|Any CPU
		{EC8E1965-553C-405D-923C-84D7E4B2B4C8}.Debug|x86.ActiveCfg = Debug|Any CPU
		{EC8E1965-553C-405D-923C-84D7E4B2B4C8}.Debug|x86.Build.0 = Debug|Any CPU
		{EC8E1965-553C-405D-923C-84D7E4B2B4C8}.Release|Any CPU.ActiveCfg = Release|Any CPU
		{EC8E1965-553C-405D-923C-84D7E4B2B4C8}.Release|Any CPU.Build.0 = Release|Any CPU
		{EC8E1965-553C-405D-923C-84D7E4B2B4C8}.Release|x64.ActiveCfg = Release|Any CPU
		{EC8E1965-553C-405D-923C-84D7E4B2B4C8}.Release|x64.Build.0 = Release|Any CPU
		{EC8E1965-553C-405D-923C-84D7E4B2B4C8}.Release|x86.ActiveCfg = Release|Any CPU
		{EC8E1965-553C-405D-923C-84D7E4B2B4C8}.Release|x86.Build.0 = Release|Any CPU
		{1EAC236E-47F9-489B-8DD4-AFEA7489913B}.Debug|Any CPU.ActiveCfg = Debug|Any CPU
		{1EAC236E-47F9-489B-8DD4-AFEA7489913B}.Debug|Any CPU.Build.0 = Debug|Any CPU
		{1EAC236E-47F9-489B-8DD4-AFEA7489913B}.Debug|x64.ActiveCfg = Debug|Any CPU
		{1EAC236E-47F9-489B-8DD4-AFEA7489913B}.Debug|x64.Build.0 = Debug|Any CPU
		{1EAC236E-47F9-489B-8DD4-AFEA7489913B}.Debug|x86.ActiveCfg = Debug|Any CPU
		{1EAC236E-47F9-489B-8DD4-AFEA7489913B}.Debug|x86.Build.0 = Debug|Any CPU
		{1EAC236E-47F9-489B-8DD4-AFEA7489913B}.Release|Any CPU.ActiveCfg = Release|Any CPU
		{1EAC236E-47F9-489B-8DD4-AFEA7489913B}.Release|Any CPU.Build.0 = Release|Any CPU
		{1EAC236E-47F9-489B-8DD4-AFEA7489913B}.Release|x64.ActiveCfg = Release|Any CPU
		{1EAC236E-47F9-489B-8DD4-AFEA7489913B}.Release|x64.Build.0 = Release|Any CPU
		{1EAC236E-47F9-489B-8DD4-AFEA7489913B}.Release|x86.ActiveCfg = Release|Any CPU
		{1EAC236E-47F9-489B-8DD4-AFEA7489913B}.Release|x86.Build.0 = Release|Any CPU
		{B3E678A0-57B6-4A84-9BE9-B902F5FE638C}.Debug|Any CPU.ActiveCfg = Debug|Any CPU
		{B3E678A0-57B6-4A84-9BE9-B902F5FE638C}.Debug|Any CPU.Build.0 = Debug|Any CPU
		{B3E678A0-57B6-4A84-9BE9-B902F5FE638C}.Debug|x64.ActiveCfg = Debug|Any CPU
		{B3E678A0-57B6-4A84-9BE9-B902F5FE638C}.Debug|x64.Build.0 = Debug|Any CPU
		{B3E678A0-57B6-4A84-9BE9-B902F5FE638C}.Debug|x86.ActiveCfg = Debug|Any CPU
		{B3E678A0-57B6-4A84-9BE9-B902F5FE638C}.Debug|x86.Build.0 = Debug|Any CPU
		{B3E678A0-57B6-4A84-9BE9-B902F5FE638C}.Release|Any CPU.ActiveCfg = Release|Any CPU
		{B3E678A0-57B6-4A84-9BE9-B902F5FE638C}.Release|Any CPU.Build.0 = Release|Any CPU
		{B3E678A0-57B6-4A84-9BE9-B902F5FE638C}.Release|x64.ActiveCfg = Release|Any CPU
		{B3E678A0-57B6-4A84-9BE9-B902F5FE638C}.Release|x64.Build.0 = Release|Any CPU
		{B3E678A0-57B6-4A84-9BE9-B902F5FE638C}.Release|x86.ActiveCfg = Release|Any CPU
		{B3E678A0-57B6-4A84-9BE9-B902F5FE638C}.Release|x86.Build.0 = Release|Any CPU
		{470280F9-F738-456B-879F-CF8BD6F733A1}.Debug|Any CPU.ActiveCfg = Debug|Any CPU
		{470280F9-F738-456B-879F-CF8BD6F733A1}.Debug|Any CPU.Build.0 = Debug|Any CPU
		{470280F9-F738-456B-879F-CF8BD6F733A1}.Debug|x64.ActiveCfg = Debug|Any CPU
		{470280F9-F738-456B-879F-CF8BD6F733A1}.Debug|x64.Build.0 = Debug|Any CPU
		{470280F9-F738-456B-879F-CF8BD6F733A1}.Debug|x86.ActiveCfg = Debug|Any CPU
		{470280F9-F738-456B-879F-CF8BD6F733A1}.Debug|x86.Build.0 = Debug|Any CPU
		{470280F9-F738-456B-879F-CF8BD6F733A1}.Release|Any CPU.ActiveCfg = Release|Any CPU
		{470280F9-F738-456B-879F-CF8BD6F733A1}.Release|Any CPU.Build.0 = Release|Any CPU
		{470280F9-F738-456B-879F-CF8BD6F733A1}.Release|x64.ActiveCfg = Release|Any CPU
		{470280F9-F738-456B-879F-CF8BD6F733A1}.Release|x64.Build.0 = Release|Any CPU
		{470280F9-F738-456B-879F-CF8BD6F733A1}.Release|x86.ActiveCfg = Release|Any CPU
		{470280F9-F738-456B-879F-CF8BD6F733A1}.Release|x86.Build.0 = Release|Any CPU
		{FDDECBB7-F93B-44B6-BEE0-F2D5BF38EC29}.Debug|Any CPU.ActiveCfg = Debug|Any CPU
		{FDDECBB7-F93B-44B6-BEE0-F2D5BF38EC29}.Debug|Any CPU.Build.0 = Debug|Any CPU
		{FDDECBB7-F93B-44B6-BEE0-F2D5BF38EC29}.Debug|x64.ActiveCfg = Debug|Any CPU
		{FDDECBB7-F93B-44B6-BEE0-F2D5BF38EC29}.Debug|x64.Build.0 = Debug|Any CPU
		{FDDECBB7-F93B-44B6-BEE0-F2D5BF38EC29}.Debug|x86.ActiveCfg = Debug|Any CPU
		{FDDECBB7-F93B-44B6-BEE0-F2D5BF38EC29}.Debug|x86.Build.0 = Debug|Any CPU
		{FDDECBB7-F93B-44B6-BEE0-F2D5BF38EC29}.Release|Any CPU.ActiveCfg = Release|Any CPU
		{FDDECBB7-F93B-44B6-BEE0-F2D5BF38EC29}.Release|Any CPU.Build.0 = Release|Any CPU
		{FDDECBB7-F93B-44B6-BEE0-F2D5BF38EC29}.Release|x64.ActiveCfg = Release|Any CPU
		{FDDECBB7-F93B-44B6-BEE0-F2D5BF38EC29}.Release|x64.Build.0 = Release|Any CPU
		{FDDECBB7-F93B-44B6-BEE0-F2D5BF38EC29}.Release|x86.ActiveCfg = Release|Any CPU
		{FDDECBB7-F93B-44B6-BEE0-F2D5BF38EC29}.Release|x86.Build.0 = Release|Any CPU
		{9D6104B6-8281-48F2-9DF8-DDB9D827F783}.Debug|Any CPU.ActiveCfg = Debug|Any CPU
		{9D6104B6-8281-48F2-9DF8-DDB9D827F783}.Debug|Any CPU.Build.0 = Debug|Any CPU
		{9D6104B6-8281-48F2-9DF8-DDB9D827F783}.Debug|x64.ActiveCfg = Debug|Any CPU
		{9D6104B6-8281-48F2-9DF8-DDB9D827F783}.Debug|x64.Build.0 = Debug|Any CPU
		{9D6104B6-8281-48F2-9DF8-DDB9D827F783}.Debug|x86.ActiveCfg = Debug|Any CPU
		{9D6104B6-8281-48F2-9DF8-DDB9D827F783}.Debug|x86.Build.0 = Debug|Any CPU
		{9D6104B6-8281-48F2-9DF8-DDB9D827F783}.Release|Any CPU.ActiveCfg = Release|Any CPU
		{9D6104B6-8281-48F2-9DF8-DDB9D827F783}.Release|Any CPU.Build.0 = Release|Any CPU
		{9D6104B6-8281-48F2-9DF8-DDB9D827F783}.Release|x64.ActiveCfg = Release|Any CPU
		{9D6104B6-8281-48F2-9DF8-DDB9D827F783}.Release|x64.Build.0 = Release|Any CPU
		{9D6104B6-8281-48F2-9DF8-DDB9D827F783}.Release|x86.ActiveCfg = Release|Any CPU
		{9D6104B6-8281-48F2-9DF8-DDB9D827F783}.Release|x86.Build.0 = Release|Any CPU
	EndGlobalSection
EndGlobal
