
Microsoft Visual Studio Solution File, Format Version 12.00
# Visual Studio 15
VisualStudioVersion = 15.0.26124.0
MinimumVisualStudioVersion = 15.0.26124.0
Project("{FAE04EC0-301F-11D3-BF4B-00C04F79EFBC}") = "FunWithLocalFunctions", "FunWithLocalFunctions\FunWithLocalFunctions.csproj", "{59CB91AC-6F19-4F05-A52D-55E87301B047}"
EndProject
Project("{FAE04EC0-301F-11D3-BF4B-00C04F79EFBC}") = "FunWithMethods", "FunWithMethods\FunWithMethods.csproj", "{DFD292E8-FD49-446B-A3B0-03E420EC10C8}"
EndProject
Project("{FAE04EC0-301F-11D3-BF4B-00C04F79EFBC}") = "MethodOverloading", "MethodOverloading\MethodOverloading.csproj", "{28BD155E-CAC3-4CA6-9F59-7BDF2A98669D}"
EndProject
Global
	GlobalSection(SolutionConfigurationPlatforms) = preSolution
		Debug|Any CPU = Debug|Any CPU
		Debug|x64 = Debug|x64
		Debug|x86 = Debug|x86
		Release|Any CPU = Release|Any CPU
		Release|x64 = Release|x64
		Release|x86 = Release|x86
	EndGlobalSection
	GlobalSection(SolutionProperties) = preSolution
		HideSolutionNode = FALSE
	EndGlobalSection
	GlobalSection(ProjectConfigurationPlatforms) = postSolution
		{59CB91AC-6F19-4F05-A52D-55E87301B047}.Debug|Any CPU.ActiveCfg = Debug|Any CPU
		{59CB91AC-6F19-4F05-A52D-55E87301B047}.Debug|Any CPU.Build.0 = Debug|Any CPU
		{59CB91AC-6F19-4F05-A52D-55E87301B047}.Debug|x64.ActiveCfg = Debug|Any CPU
		{59CB91AC-6F19-4F05-A52D-55E87301B047}.Debug|x64.Build.0 = Debug|Any CPU
		{59CB91AC-6F19-4F05-A52D-55E87301B047}.Debug|x86.ActiveCfg = Debug|Any CPU
		{59CB91AC-6F19-4F05-A52D-55E87301B047}.Debug|x86.Build.0 = Debug|Any CPU
		{59CB91AC-6F19-4F05-A52D-55E87301B047}.Release|Any CPU.ActiveCfg = Release|Any CPU
		{59CB91AC-6F19-4F05-A52D-55E87301B047}.Release|Any CPU.Build.0 = Release|Any CPU
		{59CB91AC-6F19-4F05-A52D-55E87301B047}.Release|x64.ActiveCfg = Release|Any CPU
		{59CB91AC-6F19-4F05-A52D-55E87301B047}.Release|x64.Build.0 = Release|Any CPU
		{59CB91AC-6F19-4F05-A52D-55E87301B047}.Release|x86.ActiveCfg = Release|Any CPU
		{59CB91AC-6F19-4F05-A52D-55E87301B047}.Release|x86.Build.0 = Release|Any CPU
		{DFD292E8-FD49-446B-A3B0-03E420EC10C8}.Debug|Any CPU.ActiveCfg = Debug|Any CPU
		{DFD292E8-FD49-446B-A3B0-03E420EC10C8}.Debug|Any CPU.Build.0 = Debug|Any CPU
		{DFD292E8-FD49-446B-A3B0-03E420EC10C8}.Debug|x64.ActiveCfg = Debug|Any CPU
		{DFD292E8-FD49-446B-A3B0-03E420EC10C8}.Debug|x64.Build.0 = Debug|Any CPU
		{DFD292E8-FD49-446B-A3B0-03E420EC10C8}.Debug|x86.ActiveCfg = Debug|Any CPU
		{DFD292E8-FD49-446B-A3B0-03E420EC10C8}.Debug|x86.Build.0 = Debug|Any CPU
		{DFD292E8-FD49-446B-A3B0-03E420EC10C8}.Release|Any CPU.ActiveCfg = Release|Any CPU
		{DFD292E8-FD49-446B-A3B0-03E420EC10C8}.Release|Any CPU.Build.0 = Release|Any CPU
		{DFD292E8-FD49-446B-A3B0-03E420EC10C8}.Release|x64.ActiveCfg = Release|Any CPU
		{DFD292E8-FD49-446B-A3B0-03E420EC10C8}.Release|x64.Build.0 = Release|Any CPU
		{DFD292E8-FD49-446B-A3B0-03E420EC10C8}.Release|x86.ActiveCfg = Release|Any CPU
		{DFD292E8-FD49-446B-A3B0-03E420EC10C8}.Release|x86.Build.0 = Release|Any CPU
		{28BD155E-CAC3-4CA6-9F59-7BDF2A98669D}.Debug|Any CPU.ActiveCfg = Debug|Any CPU
		{28BD155E-CAC3-4CA6-9F59-7BDF2A98669D}.Debug|Any CPU.Build.0 = Debug|Any CPU
		{28BD155E-CAC3-4CA6-9F59-7BDF2A98669D}.Debug|x64.ActiveCfg = Debug|Any CPU
		{28BD155E-CAC3-4CA6-9F59-7BDF2A98669D}.Debug|x64.Build.0 = Debug|Any CPU
		{28BD155E-CAC3-4CA6-9F59-7BDF2A98669D}.Debug|x86.ActiveCfg = Debug|Any CPU
		{28BD155E-CAC3-4CA6-9F59-7BDF2A98669D}.Debug|x86.Build.0 = Debug|Any CPU
		{28BD155E-CAC3-4CA6-9F59-7BDF2A98669D}.Release|Any CPU.ActiveCfg = Release|Any CPU
		{28BD155E-CAC3-4CA6-9F59-7BDF2A98669D}.Release|Any CPU.Build.0 = Release|Any CPU
		{28BD155E-CAC3-4CA6-9F59-7BDF2A98669D}.Release|x64.ActiveCfg = Release|Any CPU
		{28BD155E-CAC3-4CA6-9F59-7BDF2A98669D}.Release|x64.Build.0 = Release|Any CPU
		{28BD155E-CAC3-4CA6-9F59-7BDF2A98669D}.Release|x86.ActiveCfg = Release|Any CPU
		{28BD155E-CAC3-4CA6-9F59-7BDF2A98669D}.Release|x86.Build.0 = Release|Any CPU
	EndGlobalSection
EndGlobal
