
Microsoft Visual Studio Solution File, Format Version 12.00
# Visual Studio 15
VisualStudioVersion = 15.0.26124.0
MinimumVisualStudioVersion = 15.0.26124.0
Project("{FAE04EC0-301F-11D3-BF4B-00C04F79EFBC}") = "FunWithLocalFunctions", "FunWithLocalFunctions\FunWithLocalFunctions.csproj", "{59CB91AC-6F19-4F05-A52D-55E87301B047}"
EndProject
Project("{FAE04EC0-301F-11D3-BF4B-00C04F79EFBC}") = "FunWithMethods", "FunWithMethods\FunWithMethods.csproj", "{DFD292E8-FD49-446B-A3B0-03E420EC10C8}"
EndProject
Project("{FAE04EC0-301F-11D3-BF4B-00C04F79EFBC}") = "MethodOverloading", "MethodOverloading\MethodOverloading.csproj", "{28BD155E-CAC3-4CA6-9F59-7BDF2A98669D}"
EndProject
Project("{FAE04EC0-301F-11D3-BF4B-00C04F79EFBC}") = "FunWithEnums", "FunWithEnums\FunWithEnums.csproj", "{6B1AF609-BCA8-424D-840A-3738D17A6D47}"
EndProject
Project("{FAE04EC0-301F-11D3-BF4B-00C04F79EFBC}") = "FunWithStructures", "FunWithStructures\FunWithStructures.csproj", "{F419E59B-C2E2-43F0-AB37-75D724E32FCC}"
EndProject
Project("{FAE04EC0-301F-11D3-BF4B-00C04F79EFBC}") = "ValueAndReferenceTypes", "ValueAndReferenceTypes\ValueAndReferenceTypes.csproj", "{751B8D15-5F04-44D7-BFCB-8D86369A68F1}"
EndProject
Project("{FAE04EC0-301F-11D3-BF4B-00C04F79EFBC}") = "RefTypeValTypeParams", "RefTypeValTypeParams\RefTypeValTypeParams.csproj", "{791DCD13-8C59-488D-8FFF-10EBBC88B5C7}"
EndProject
Project("{FAE04EC0-301F-11D3-BF4B-00C04F79EFBC}") = "NullableValueTypes", "NullableValueTypes\NullableValueTypes.csproj", "{BD875563-1997-465B-BEDB-8F19044DF446}"
EndProject
Global
	GlobalSection(SolutionConfigurationPlatforms) = preSolution
		Debug|Any CPU = Debug|Any CPU
		Debug|x64 = Debug|x64
		Debug|x86 = Debug|x86
		Release|Any CPU = Release|Any CPU
		Release|x64 = Release|x64
		Release|x86 = Release|x86
	EndGlobalSection
	GlobalSection(SolutionProperties) = preSolution
		HideSolutionNode = FALSE
	EndGlobalSection
	GlobalSection(ProjectConfigurationPlatforms) = postSolution
		{59CB91AC-6F19-4F05-A52D-55E87301B047}.Debug|Any CPU.ActiveCfg = Debug|Any CPU
		{59CB91AC-6F19-4F05-A52D-55E87301B047}.Debug|Any CPU.Build.0 = Debug|Any CPU
		{59CB91AC-6F19-4F05-A52D-55E87301B047}.Debug|x64.ActiveCfg = Debug|Any CPU
		{59CB91AC-6F19-4F05-A52D-55E87301B047}.Debug|x64.Build.0 = Debug|Any CPU
		{59CB91AC-6F19-4F05-A52D-55E87301B047}.Debug|x86.ActiveCfg = Debug|Any CPU
		{59CB91AC-6F19-4F05-A52D-55E87301B047}.Debug|x86.Build.0 = Debug|Any CPU
		{59CB91AC-6F19-4F05-A52D-55E87301B047}.Release|Any CPU.ActiveCfg = Release|Any CPU
		{59CB91AC-6F19-4F05-A52D-55E87301B047}.Release|Any CPU.Build.0 = Release|Any CPU
		{59CB91AC-6F19-4F05-A52D-55E87301B047}.Release|x64.ActiveCfg = Release|Any CPU
		{59CB91AC-6F19-4F05-A52D-55E87301B047}.Release|x64.Build.0 = Release|Any CPU
		{59CB91AC-6F19-4F05-A52D-55E87301B047}.Release|x86.ActiveCfg = Release|Any CPU
		{59CB91AC-6F19-4F05-A52D-55E87301B047}.Release|x86.Build.0 = Release|Any CPU
		{DFD292E8-FD49-446B-A3B0-03E420EC10C8}.Debug|Any CPU.ActiveCfg = Debug|Any CPU
		{DFD292E8-FD49-446B-A3B0-03E420EC10C8}.Debug|Any CPU.Build.0 = Debug|Any CPU
		{DFD292E8-FD49-446B-A3B0-03E420EC10C8}.Debug|x64.ActiveCfg = Debug|Any CPU
		{DFD292E8-FD49-446B-A3B0-03E420EC10C8}.Debug|x64.Build.0 = Debug|Any CPU
		{DFD292E8-FD49-446B-A3B0-03E420EC10C8}.Debug|x86.ActiveCfg = Debug|Any CPU
		{DFD292E8-FD49-446B-A3B0-03E420EC10C8}.Debug|x86.Build.0 = Debug|Any CPU
		{DFD292E8-FD49-446B-A3B0-03E420EC10C8}.Release|Any CPU.ActiveCfg = Release|Any CPU
		{DFD292E8-FD49-446B-A3B0-03E420EC10C8}.Release|Any CPU.Build.0 = Release|Any CPU
		{DFD292E8-FD49-446B-A3B0-03E420EC10C8}.Release|x64.ActiveCfg = Release|Any CPU
		{DFD292E8-FD49-446B-A3B0-03E420EC10C8}.Release|x64.Build.0 = Release|Any CPU
		{DFD292E8-FD49-446B-A3B0-03E420EC10C8}.Release|x86.ActiveCfg = Release|Any CPU
		{DFD292E8-FD49-446B-A3B0-03E420EC10C8}.Release|x86.Build.0 = Release|Any CPU
		{28BD155E-CAC3-4CA6-9F59-7BDF2A98669D}.Debug|Any CPU.ActiveCfg = Debug|Any CPU
		{28BD155E-CAC3-4CA6-9F59-7BDF2A98669D}.Debug|Any CPU.Build.0 = Debug|Any CPU
		{28BD155E-CAC3-4CA6-9F59-7BDF2A98669D}.Debug|x64.ActiveCfg = Debug|Any CPU
		{28BD155E-CAC3-4CA6-9F59-7BDF2A98669D}.Debug|x64.Build.0 = Debug|Any CPU
		{28BD155E-CAC3-4CA6-9F59-7BDF2A98669D}.Debug|x86.ActiveCfg = Debug|Any CPU
		{28BD155E-CAC3-4CA6-9F59-7BDF2A98669D}.Debug|x86.Build.0 = Debug|Any CPU
		{28BD155E-CAC3-4CA6-9F59-7BDF2A98669D}.Release|Any CPU.ActiveCfg = Release|Any CPU
		{28BD155E-CAC3-4CA6-9F59-7BDF2A98669D}.Release|Any CPU.Build.0 = Release|Any CPU
		{28BD155E-CAC3-4CA6-9F59-7BDF2A98669D}.Release|x64.ActiveCfg = Release|Any CPU
		{28BD155E-CAC3-4CA6-9F59-7BDF2A98669D}.Release|x64.Build.0 = Release|Any CPU
		{28BD155E-CAC3-4CA6-9F59-7BDF2A98669D}.Release|x86.ActiveCfg = Release|Any CPU
		{28BD155E-CAC3-4CA6-9F59-7BDF2A98669D}.Release|x86.Build.0 = Release|Any CPU
		{6B1AF609-BCA8-424D-840A-3738D17A6D47}.Debug|Any CPU.ActiveCfg = Debug|Any CPU
		{6B1AF609-BCA8-424D-840A-3738D17A6D47}.Debug|Any CPU.Build.0 = Debug|Any CPU
		{6B1AF609-BCA8-424D-840A-3738D17A6D47}.Debug|x64.ActiveCfg = Debug|Any CPU
		{6B1AF609-BCA8-424D-840A-3738D17A6D47}.Debug|x64.Build.0 = Debug|Any CPU
		{6B1AF609-BCA8-424D-840A-3738D17A6D47}.Debug|x86.ActiveCfg = Debug|Any CPU
		{6B1AF609-BCA8-424D-840A-3738D17A6D47}.Debug|x86.Build.0 = Debug|Any CPU
		{6B1AF609-BCA8-424D-840A-3738D17A6D47}.Release|Any CPU.ActiveCfg = Release|Any CPU
		{6B1AF609-BCA8-424D-840A-3738D17A6D47}.Release|Any CPU.Build.0 = Release|Any CPU
		{6B1AF609-BCA8-424D-840A-3738D17A6D47}.Release|x64.ActiveCfg = Release|Any CPU
		{6B1AF609-BCA8-424D-840A-3738D17A6D47}.Release|x64.Build.0 = Release|Any CPU
		{6B1AF609-BCA8-424D-840A-3738D17A6D47}.Release|x86.ActiveCfg = Release|Any CPU
		{6B1AF609-BCA8-424D-840A-3738D17A6D47}.Release|x86.Build.0 = Release|Any CPU
		{F419E59B-C2E2-43F0-AB37-75D724E32FCC}.Debug|Any CPU.ActiveCfg = Debug|Any CPU
		{F419E59B-C2E2-43F0-AB37-75D724E32FCC}.Debug|Any CPU.Build.0 = Debug|Any CPU
		{F419E59B-C2E2-43F0-AB37-75D724E32FCC}.Debug|x64.ActiveCfg = Debug|Any CPU
		{F419E59B-C2E2-43F0-AB37-75D724E32FCC}.Debug|x64.Build.0 = Debug|Any CPU
		{F419E59B-C2E2-43F0-AB37-75D724E32FCC}.Debug|x86.ActiveCfg = Debug|Any CPU
		{F419E59B-C2E2-43F0-AB37-75D724E32FCC}.Debug|x86.Build.0 = Debug|Any CPU
		{F419E59B-C2E2-43F0-AB37-75D724E32FCC}.Release|Any CPU.ActiveCfg = Release|Any CPU
		{F419E59B-C2E2-43F0-AB37-75D724E32FCC}.Release|Any CPU.Build.0 = Release|Any CPU
		{F419E59B-C2E2-43F0-AB37-75D724E32FCC}.Release|x64.ActiveCfg = Release|Any CPU
		{F419E59B-C2E2-43F0-AB37-75D724E32FCC}.Release|x64.Build.0 = Release|Any CPU
		{F419E59B-C2E2-43F0-AB37-75D724E32FCC}.Release|x86.ActiveCfg = Release|Any CPU
		{F419E59B-C2E2-43F0-AB37-75D724E32FCC}.Release|x86.Build.0 = Release|Any CPU
		{751B8D15-5F04-44D7-BFCB-8D86369A68F1}.Debug|Any CPU.ActiveCfg = Debug|Any CPU
		{751B8D15-5F04-44D7-BFCB-8D86369A68F1}.Debug|Any CPU.Build.0 = Debug|Any CPU
		{751B8D15-5F04-44D7-BFCB-8D86369A68F1}.Debug|x64.ActiveCfg = Debug|Any CPU
		{751B8D15-5F04-44D7-BFCB-8D86369A68F1}.Debug|x64.Build.0 = Debug|Any CPU
		{751B8D15-5F04-44D7-BFCB-8D86369A68F1}.Debug|x86.ActiveCfg = Debug|Any CPU
		{751B8D15-5F04-44D7-BFCB-8D86369A68F1}.Debug|x86.Build.0 = Debug|Any CPU
		{751B8D15-5F04-44D7-BFCB-8D86369A68F1}.Release|Any CPU.ActiveCfg = Release|Any CPU
		{751B8D15-5F04-44D7-BFCB-8D86369A68F1}.Release|Any CPU.Build.0 = Release|Any CPU
		{751B8D15-5F04-44D7-BFCB-8D86369A68F1}.Release|x64.ActiveCfg = Release|Any CPU
		{751B8D15-5F04-44D7-BFCB-8D86369A68F1}.Release|x64.Build.0 = Release|Any CPU
		{751B8D15-5F04-44D7-BFCB-8D86369A68F1}.Release|x86.ActiveCfg = Release|Any CPU
		{751B8D15-5F04-44D7-BFCB-8D86369A68F1}.Release|x86.Build.0 = Release|Any CPU
		{791DCD13-8C59-488D-8FFF-10EBBC88B5C7}.Debug|Any CPU.ActiveCfg = Debug|Any CPU
		{791DCD13-8C59-488D-8FFF-10EBBC88B5C7}.Debug|Any CPU.Build.0 = Debug|Any CPU
		{791DCD13-8C59-488D-8FFF-10EBBC88B5C7}.Debug|x64.ActiveCfg = Debug|Any CPU
		{791DCD13-8C59-488D-8FFF-10EBBC88B5C7}.Debug|x64.Build.0 = Debug|Any CPU
		{791DCD13-8C59-488D-8FFF-10EBBC88B5C7}.Debug|x86.ActiveCfg = Debug|Any CPU
		{791DCD13-8C59-488D-8FFF-10EBBC88B5C7}.Debug|x86.Build.0 = Debug|Any CPU
		{791DCD13-8C59-488D-8FFF-10EBBC88B5C7}.Release|Any CPU.ActiveCfg = Release|Any CPU
		{791DCD13-8C59-488D-8FFF-10EBBC88B5C7}.Release|Any CPU.Build.0 = Release|Any CPU
		{791DCD13-8C59-488D-8FFF-10EBBC88B5C7}.Release|x64.ActiveCfg = Release|Any CPU
		{791DCD13-8C59-488D-8FFF-10EBBC88B5C7}.Release|x64.Build.0 = Release|Any CPU
		{791DCD13-8C59-488D-8FFF-10EBBC88B5C7}.Release|x86.ActiveCfg = Release|Any CPU
		{791DCD13-8C59-488D-8FFF-10EBBC88B5C7}.Release|x86.Build.0 = Release|Any CPU
		{BD875563-1997-465B-BEDB-8F19044DF446}.Debug|Any CPU.ActiveCfg = Debug|Any CPU
		{BD875563-1997-465B-BEDB-8F19044DF446}.Debug|Any CPU.Build.0 = Debug|Any CPU
		{BD875563-1997-465B-BEDB-8F19044DF446}.Debug|x64.ActiveCfg = Debug|Any CPU
		{BD875563-1997-465B-BEDB-8F19044DF446}.Debug|x64.Build.0 = Debug|Any CPU
		{BD875563-1997-465B-BEDB-8F19044DF446}.Debug|x86.ActiveCfg = Debug|Any CPU
		{BD875563-1997-465B-BEDB-8F19044DF446}.Debug|x86.Build.0 = Debug|Any CPU
		{BD875563-1997-465B-BEDB-8F19044DF446}.Release|Any CPU.ActiveCfg = Release|Any CPU
		{BD875563-1997-465B-BEDB-8F19044DF446}.Release|Any CPU.Build.0 = Release|Any CPU
		{BD875563-1997-465B-BEDB-8F19044DF446}.Release|x64.ActiveCfg = Release|Any CPU
		{BD875563-1997-465B-BEDB-8F19044DF446}.Release|x64.Build.0 = Release|Any CPU
		{BD875563-1997-465B-BEDB-8F19044DF446}.Release|x86.ActiveCfg = Release|Any CPU
		{BD875563-1997-465B-BEDB-8F19044DF446}.Release|x86.Build.0 = Release|Any CPU
	EndGlobalSection
EndGlobal
