
Microsoft Visual Studio Solution File, Format Version 12.00
# Visual Studio 15
VisualStudioVersion = 15.0.26124.0
MinimumVisualStudioVersion = 15.0.26124.0
Project("{FAE04EC0-301F-11D3-BF4B-00C04F79EFBC}") = "SimpleCSharpApp", "SimpleCSharpApp\SimpleCSharpApp.csproj", "{3041DF35-E0DA-43B8-A473-42A389ACF7A5}"
EndProject
Project("{FAE04EC0-301F-11D3-BF4B-00C04F79EFBC}") = "BasicConsoleIO", "BasicConsoleIO\BasicConsoleIO.csproj", "{A43D6773-74FA-40C6-AE98-871345005416}"
EndProject
Project("{FAE04EC0-301F-11D3-BF4B-00C04F79EFBC}") = "BasicDataTypes", "BasicDataTypes\BasicDataTypes.csproj", "{8DA9BC50-EF75-48B9-AC12-028AB3162BA1}"
EndProject
Project("{FAE04EC0-301F-11D3-BF4B-00C04F79EFBC}") = "FunWithStrings", "FunWithStrings\FunWithStrings.csproj", "{D634359B-D17A-45D5-8C16-8B0831ADDFFF}"
EndProject
Global
	GlobalSection(SolutionConfigurationPlatforms) = preSolution
		Debug|Any CPU = Debug|Any CPU
		Debug|x64 = Debug|x64
		Debug|x86 = Debug|x86
		Release|Any CPU = Release|Any CPU
		Release|x64 = Release|x64
		Release|x86 = Release|x86
	EndGlobalSection
	GlobalSection(SolutionProperties) = preSolution
		HideSolutionNode = FALSE
	EndGlobalSection
	GlobalSection(ProjectConfigurationPlatforms) = postSolution
		{3041DF35-E0DA-43B8-A473-42A389ACF7A5}.Debug|Any CPU.ActiveCfg = Debug|Any CPU
		{3041DF35-E0DA-43B8-A473-42A389ACF7A5}.Debug|Any CPU.Build.0 = Debug|Any CPU
		{3041DF35-E0DA-43B8-A473-42A389ACF7A5}.Debug|x64.ActiveCfg = Debug|Any CPU
		{3041DF35-E0DA-43B8-A473-42A389ACF7A5}.Debug|x64.Build.0 = Debug|Any CPU
		{3041DF35-E0DA-43B8-A473-42A389ACF7A5}.Debug|x86.ActiveCfg = Debug|Any CPU
		{3041DF35-E0DA-43B8-A473-42A389ACF7A5}.Debug|x86.Build.0 = Debug|Any CPU
		{3041DF35-E0DA-43B8-A473-42A389ACF7A5}.Release|Any CPU.ActiveCfg = Release|Any CPU
		{3041DF35-E0DA-43B8-A473-42A389ACF7A5}.Release|Any CPU.Build.0 = Release|Any CPU
		{3041DF35-E0DA-43B8-A473-42A389ACF7A5}.Release|x64.ActiveCfg = Release|Any CPU
		{3041DF35-E0DA-43B8-A473-42A389ACF7A5}.Release|x64.Build.0 = Release|Any CPU
		{3041DF35-E0DA-43B8-A473-42A389ACF7A5}.Release|x86.ActiveCfg = Release|Any CPU
		{3041DF35-E0DA-43B8-A473-42A389ACF7A5}.Release|x86.Build.0 = Release|Any CPU
		{A43D6773-74FA-40C6-AE98-871345005416}.Debug|Any CPU.ActiveCfg = Debug|Any CPU
		{A43D6773-74FA-40C6-AE98-871345005416}.Debug|Any CPU.Build.0 = Debug|Any CPU
		{A43D6773-74FA-40C6-AE98-871345005416}.Debug|x64.ActiveCfg = Debug|Any CPU
		{A43D6773-74FA-40C6-AE98-871345005416}.Debug|x64.Build.0 = Debug|Any CPU
		{A43D6773-74FA-40C6-AE98-871345005416}.Debug|x86.ActiveCfg = Debug|Any CPU
		{A43D6773-74FA-40C6-AE98-871345005416}.Debug|x86.Build.0 = Debug|Any CPU
		{A43D6773-74FA-40C6-AE98-871345005416}.Release|Any CPU.ActiveCfg = Release|Any CPU
		{A43D6773-74FA-40C6-AE98-871345005416}.Release|Any CPU.Build.0 = Release|Any CPU
		{A43D6773-74FA-40C6-AE98-871345005416}.Release|x64.ActiveCfg = Release|Any CPU
		{A43D6773-74FA-40C6-AE98-871345005416}.Release|x64.Build.0 = Release|Any CPU
		{A43D6773-74FA-40C6-AE98-871345005416}.Release|x86.ActiveCfg = Release|Any CPU
		{A43D6773-74FA-40C6-AE98-871345005416}.Release|x86.Build.0 = Release|Any CPU
		{8DA9BC50-EF75-48B9-AC12-028AB3162BA1}.Debug|Any CPU.ActiveCfg = Debug|Any CPU
		{8DA9BC50-EF75-48B9-AC12-028AB3162BA1}.Debug|Any CPU.Build.0 = Debug|Any CPU
		{8DA9BC50-EF75-48B9-AC12-028AB3162BA1}.Debug|x64.ActiveCfg = Debug|Any CPU
		{8DA9BC50-EF75-48B9-AC12-028AB3162BA1}.Debug|x64.Build.0 = Debug|Any CPU
		{8DA9BC50-EF75-48B9-AC12-028AB3162BA1}.Debug|x86.ActiveCfg = Debug|Any CPU
		{8DA9BC50-EF75-48B9-AC12-028AB3162BA1}.Debug|x86.Build.0 = Debug|Any CPU
		{8DA9BC50-EF75-48B9-AC12-028AB3162BA1}.Release|Any CPU.ActiveCfg = Release|Any CPU
		{8DA9BC50-EF75-48B9-AC12-028AB3162BA1}.Release|Any CPU.Build.0 = Release|Any CPU
		{8DA9BC50-EF75-48B9-AC12-028AB3162BA1}.Release|x64.ActiveCfg = Release|Any CPU
		{8DA9BC50-EF75-48B9-AC12-028AB3162BA1}.Release|x64.Build.0 = Release|Any CPU
		{8DA9BC50-EF75-48B9-AC12-028AB3162BA1}.Release|x86.ActiveCfg = Release|Any CPU
		{8DA9BC50-EF75-48B9-AC12-028AB3162BA1}.Release|x86.Build.0 = Release|Any CPU
		{D634359B-D17A-45D5-8C16-8B0831ADDFFF}.Debug|Any CPU.ActiveCfg = Debug|Any CPU
		{D634359B-D17A-45D5-8C16-8B0831ADDFFF}.Debug|Any CPU.Build.0 = Debug|Any CPU
		{D634359B-D17A-45D5-8C16-8B0831ADDFFF}.Debug|x64.ActiveCfg = Debug|Any CPU
		{D634359B-D17A-45D5-8C16-8B0831ADDFFF}.Debug|x64.Build.0 = Debug|Any CPU
		{D634359B-D17A-45D5-8C16-8B0831ADDFFF}.Debug|x86.ActiveCfg = Debug|Any CPU
		{D634359B-D17A-45D5-8C16-8B0831ADDFFF}.Debug|x86.Build.0 = Debug|Any CPU
		{D634359B-D17A-45D5-8C16-8B0831ADDFFF}.Release|Any CPU.ActiveCfg = Release|Any CPU
		{D634359B-D17A-45D5-8C16-8B0831ADDFFF}.Release|Any CPU.Build.0 = Release|Any CPU
		{D634359B-D17A-45D5-8C16-8B0831ADDFFF}.Release|x64.ActiveCfg = Release|Any CPU
		{D634359B-D17A-45D5-8C16-8B0831ADDFFF}.Release|x64.Build.0 = Release|Any CPU
		{D634359B-D17A-45D5-8C16-8B0831ADDFFF}.Release|x86.ActiveCfg = Release|Any CPU
		{D634359B-D17A-45D5-8C16-8B0831ADDFFF}.Release|x86.Build.0 = Release|Any CPU
	EndGlobalSection
EndGlobal
