
Microsoft Visual Studio Solution File, Format Version 12.00
# Visual Studio 15
VisualStudioVersion = 15.0.26124.0
MinimumVisualStudioVersion = 15.0.26124.0
Project("{FAE04EC0-301F-11D3-BF4B-00C04F79EFBC}") = "ThreadStats", "ThreadStats\ThreadStats.csproj", "{75475D96-7980-441C-AF11-978E1C741981}"
EndProject
Project("{FAE04EC0-301F-11D3-BF4B-00C04F79EFBC}") = "SimpleMultiThreadApp", "SimpleMultiThreadApp\SimpleMultiThreadApp.csproj", "{9BE44DD0-B564-4BC4-B803-0F45F07D9257}"
EndProject
Project("{FAE04EC0-301F-11D3-BF4B-00C04F79EFBC}") = "AddWithThreads", "AddWithThreads\AddWithThreads.csproj", "{F825D1FD-8F49-4037-B854-4EAEB2F8F834}"
EndProject
Project("{FAE04EC0-301F-11D3-BF4B-00C04F79EFBC}") = "MultiThreadedPrinting", "MultiThreadedPrinting\MultiThreadedPrinting.csproj", "{8314AA27-7D53-47B5-B62C-60C5B2D43A72}"
EndProject
Project("{FAE04EC0-301F-11D3-BF4B-00C04F79EFBC}") = "TimerApp", "TimerApp\TimerApp.csproj", "{569B8119-6CDC-4A5F-B821-26D1B58B40EA}"
EndProject
Project("{FAE04EC0-301F-11D3-BF4B-00C04F79EFBC}") = "FunWithThreadPool", "FunWithThreadPool\FunWithThreadPool.csproj", "{5A9AC14B-C24C-4E97-B2C8-FBBB4D9D4C9D}"
EndProject
Project("{FAE04EC0-301F-11D3-BF4B-00C04F79EFBC}") = "DataParallelismWithForEach", "DataParallelismWithForEach\DataParallelismWithForEach.csproj", "{3EDB7A4F-C058-4126-9575-78853A711BF9}"
EndProject
Project("{FAE04EC0-301F-11D3-BF4B-00C04F79EFBC}") = "MyEBookReader", "MyEBookReader\MyEBookReader.csproj", "{6D8E0870-6847-4062-BDF4-E98F7C340E2B}"
EndProject
Project("{FAE04EC0-301F-11D3-BF4B-00C04F79EFBC}") = "PLINQDataProcessingWithCancellation", "PLINQDataProcessingWithCancellation\PLINQDataProcessingWithCancellation.csproj", "{4B828F33-A9CA-4445-8584-94B909CEC1AA}"
EndProject
Global
	GlobalSection(SolutionConfigurationPlatforms) = preSolution
		Debug|Any CPU = Debug|Any CPU
		Debug|x64 = Debug|x64
		Debug|x86 = Debug|x86
		Release|Any CPU = Release|Any CPU
		Release|x64 = Release|x64
		Release|x86 = Release|x86
	EndGlobalSection
	GlobalSection(SolutionProperties) = preSolution
		HideSolutionNode = FALSE
	EndGlobalSection
	GlobalSection(ProjectConfigurationPlatforms) = postSolution
		{75475D96-7980-441C-AF11-978E1C741981}.Debug|Any CPU.ActiveCfg = Debug|Any CPU
		{75475D96-7980-441C-AF11-978E1C741981}.Debug|Any CPU.Build.0 = Debug|Any CPU
		{75475D96-7980-441C-AF11-978E1C741981}.Debug|x64.ActiveCfg = Debug|Any CPU
		{75475D96-7980-441C-AF11-978E1C741981}.Debug|x64.Build.0 = Debug|Any CPU
		{75475D96-7980-441C-AF11-978E1C741981}.Debug|x86.ActiveCfg = Debug|Any CPU
		{75475D96-7980-441C-AF11-978E1C741981}.Debug|x86.Build.0 = Debug|Any CPU
		{75475D96-7980-441C-AF11-978E1C741981}.Release|Any CPU.ActiveCfg = Release|Any CPU
		{75475D96-7980-441C-AF11-978E1C741981}.Release|Any CPU.Build.0 = Release|Any CPU
		{75475D96-7980-441C-AF11-978E1C741981}.Release|x64.ActiveCfg = Release|Any CPU
		{75475D96-7980-441C-AF11-978E1C741981}.Release|x64.Build.0 = Release|Any CPU
		{75475D96-7980-441C-AF11-978E1C741981}.Release|x86.ActiveCfg = Release|Any CPU
		{75475D96-7980-441C-AF11-978E1C741981}.Release|x86.Build.0 = Release|Any CPU
		{9BE44DD0-B564-4BC4-B803-0F45F07D9257}.Debug|Any CPU.ActiveCfg = Debug|Any CPU
		{9BE44DD0-B564-4BC4-B803-0F45F07D9257}.Debug|Any CPU.Build.0 = Debug|Any CPU
		{9BE44DD0-B564-4BC4-B803-0F45F07D9257}.Debug|x64.ActiveCfg = Debug|Any CPU
		{9BE44DD0-B564-4BC4-B803-0F45F07D9257}.Debug|x64.Build.0 = Debug|Any CPU
		{9BE44DD0-B564-4BC4-B803-0F45F07D9257}.Debug|x86.ActiveCfg = Debug|Any CPU
		{9BE44DD0-B564-4BC4-B803-0F45F07D9257}.Debug|x86.Build.0 = Debug|Any CPU
		{9BE44DD0-B564-4BC4-B803-0F45F07D9257}.Release|Any CPU.ActiveCfg = Release|Any CPU
		{9BE44DD0-B564-4BC4-B803-0F45F07D9257}.Release|Any CPU.Build.0 = Release|Any CPU
		{9BE44DD0-B564-4BC4-B803-0F45F07D9257}.Release|x64.ActiveCfg = Release|Any CPU
		{9BE44DD0-B564-4BC4-B803-0F45F07D9257}.Release|x64.Build.0 = Release|Any CPU
		{9BE44DD0-B564-4BC4-B803-0F45F07D9257}.Release|x86.ActiveCfg = Release|Any CPU
		{9BE44DD0-B564-4BC4-B803-0F45F07D9257}.Release|x86.Build.0 = Release|Any CPU
		{F825D1FD-8F49-4037-B854-4EAEB2F8F834}.Debug|Any CPU.ActiveCfg = Debug|Any CPU
		{F825D1FD-8F49-4037-B854-4EAEB2F8F834}.Debug|Any CPU.Build.0 = Debug|Any CPU
		{F825D1FD-8F49-4037-B854-4EAEB2F8F834}.Debug|x64.ActiveCfg = Debug|Any CPU
		{F825D1FD-8F49-4037-B854-4EAEB2F8F834}.Debug|x64.Build.0 = Debug|Any CPU
		{F825D1FD-8F49-4037-B854-4EAEB2F8F834}.Debug|x86.ActiveCfg = Debug|Any CPU
		{F825D1FD-8F49-4037-B854-4EAEB2F8F834}.Debug|x86.Build.0 = Debug|Any CPU
		{F825D1FD-8F49-4037-B854-4EAEB2F8F834}.Release|Any CPU.ActiveCfg = Release|Any CPU
		{F825D1FD-8F49-4037-B854-4EAEB2F8F834}.Release|Any CPU.Build.0 = Release|Any CPU
		{F825D1FD-8F49-4037-B854-4EAEB2F8F834}.Release|x64.ActiveCfg = Release|Any CPU
		{F825D1FD-8F49-4037-B854-4EAEB2F8F834}.Release|x64.Build.0 = Release|Any CPU
		{F825D1FD-8F49-4037-B854-4EAEB2F8F834}.Release|x86.ActiveCfg = Release|Any CPU
		{F825D1FD-8F49-4037-B854-4EAEB2F8F834}.Release|x86.Build.0 = Release|Any CPU
		{8314AA27-7D53-47B5-B62C-60C5B2D43A72}.Debug|Any CPU.ActiveCfg = Debug|Any CPU
		{8314AA27-7D53-47B5-B62C-60C5B2D43A72}.Debug|Any CPU.Build.0 = Debug|Any CPU
		{8314AA27-7D53-47B5-B62C-60C5B2D43A72}.Debug|x64.ActiveCfg = Debug|Any CPU
		{8314AA27-7D53-47B5-B62C-60C5B2D43A72}.Debug|x64.Build.0 = Debug|Any CPU
		{8314AA27-7D53-47B5-B62C-60C5B2D43A72}.Debug|x86.ActiveCfg = Debug|Any CPU
		{8314AA27-7D53-47B5-B62C-60C5B2D43A72}.Debug|x86.Build.0 = Debug|Any CPU
		{8314AA27-7D53-47B5-B62C-60C5B2D43A72}.Release|Any CPU.ActiveCfg = Release|Any CPU
		{8314AA27-7D53-47B5-B62C-60C5B2D43A72}.Release|Any CPU.Build.0 = Release|Any CPU
		{8314AA27-7D53-47B5-B62C-60C5B2D43A72}.Release|x64.ActiveCfg = Release|Any CPU
		{8314AA27-7D53-47B5-B62C-60C5B2D43A72}.Release|x64.Build.0 = Release|Any CPU
		{8314AA27-7D53-47B5-B62C-60C5B2D43A72}.Release|x86.ActiveCfg = Release|Any CPU
		{8314AA27-7D53-47B5-B62C-60C5B2D43A72}.Release|x86.Build.0 = Release|Any CPU
		{569B8119-6CDC-4A5F-B821-26D1B58B40EA}.Debug|Any CPU.ActiveCfg = Debug|Any CPU
		{569B8119-6CDC-4A5F-B821-26D1B58B40EA}.Debug|Any CPU.Build.0 = Debug|Any CPU
		{569B8119-6CDC-4A5F-B821-26D1B58B40EA}.Debug|x64.ActiveCfg = Debug|Any CPU
		{569B8119-6CDC-4A5F-B821-26D1B58B40EA}.Debug|x64.Build.0 = Debug|Any CPU
		{569B8119-6CDC-4A5F-B821-26D1B58B40EA}.Debug|x86.ActiveCfg = Debug|Any CPU
		{569B8119-6CDC-4A5F-B821-26D1B58B40EA}.Debug|x86.Build.0 = Debug|Any CPU
		{569B8119-6CDC-4A5F-B821-26D1B58B40EA}.Release|Any CPU.ActiveCfg = Release|Any CPU
		{569B8119-6CDC-4A5F-B821-26D1B58B40EA}.Release|Any CPU.Build.0 = Release|Any CPU
		{569B8119-6CDC-4A5F-B821-26D1B58B40EA}.Release|x64.ActiveCfg = Release|Any CPU
		{569B8119-6CDC-4A5F-B821-26D1B58B40EA}.Release|x64.Build.0 = Release|Any CPU
		{569B8119-6CDC-4A5F-B821-26D1B58B40EA}.Release|x86.ActiveCfg = Release|Any CPU
		{569B8119-6CDC-4A5F-B821-26D1B58B40EA}.Release|x86.Build.0 = Release|Any CPU
		{5A9AC14B-C24C-4E97-B2C8-FBBB4D9D4C9D}.Debug|Any CPU.ActiveCfg = Debug|Any CPU
		{5A9AC14B-C24C-4E97-B2C8-FBBB4D9D4C9D}.Debug|Any CPU.Build.0 = Debug|Any CPU
		{5A9AC14B-C24C-4E97-B2C8-FBBB4D9D4C9D}.Debug|x64.ActiveCfg = Debug|Any CPU
		{5A9AC14B-C24C-4E97-B2C8-FBBB4D9D4C9D}.Debug|x64.Build.0 = Debug|Any CPU
		{5A9AC14B-C24C-4E97-B2C8-FBBB4D9D4C9D}.Debug|x86.ActiveCfg = Debug|Any CPU
		{5A9AC14B-C24C-4E97-B2C8-FBBB4D9D4C9D}.Debug|x86.Build.0 = Debug|Any CPU
		{5A9AC14B-C24C-4E97-B2C8-FBBB4D9D4C9D}.Release|Any CPU.ActiveCfg = Release|Any CPU
		{5A9AC14B-C24C-4E97-B2C8-FBBB4D9D4C9D}.Release|Any CPU.Build.0 = Release|Any CPU
		{5A9AC14B-C24C-4E97-B2C8-FBBB4D9D4C9D}.Release|x64.ActiveCfg = Release|Any CPU
		{5A9AC14B-C24C-4E97-B2C8-FBBB4D9D4C9D}.Release|x64.Build.0 = Release|Any CPU
		{5A9AC14B-C24C-4E97-B2C8-FBBB4D9D4C9D}.Release|x86.ActiveCfg = Release|Any CPU
		{5A9AC14B-C24C-4E97-B2C8-FBBB4D9D4C9D}.Release|x86.Build.0 = Release|Any CPU
		{3EDB7A4F-C058-4126-9575-78853A711BF9}.Debug|Any CPU.ActiveCfg = Debug|Any CPU
		{3EDB7A4F-C058-4126-9575-78853A711BF9}.Debug|Any CPU.Build.0 = Debug|Any CPU
		{3EDB7A4F-C058-4126-9575-78853A711BF9}.Debug|x64.ActiveCfg = Debug|Any CPU
		{3EDB7A4F-C058-4126-9575-78853A711BF9}.Debug|x64.Build.0 = Debug|Any CPU
		{3EDB7A4F-C058-4126-9575-78853A711BF9}.Debug|x86.ActiveCfg = Debug|Any CPU
		{3EDB7A4F-C058-4126-9575-78853A711BF9}.Debug|x86.Build.0 = Debug|Any CPU
		{3EDB7A4F-C058-4126-9575-78853A711BF9}.Release|Any CPU.ActiveCfg = Release|Any CPU
		{3EDB7A4F-C058-4126-9575-78853A711BF9}.Release|Any CPU.Build.0 = Release|Any CPU
		{3EDB7A4F-C058-4126-9575-78853A711BF9}.Release|x64.ActiveCfg = Release|Any CPU
		{3EDB7A4F-C058-4126-9575-78853A711BF9}.Release|x64.Build.0 = Release|Any CPU
		{3EDB7A4F-C058-4126-9575-78853A711BF9}.Release|x86.ActiveCfg = Release|Any CPU
		{3EDB7A4F-C058-4126-9575-78853A711BF9}.Release|x86.Build.0 = Release|Any CPU
		{6D8E0870-6847-4062-BDF4-E98F7C340E2B}.Debug|Any CPU.ActiveCfg = Debug|Any CPU
		{6D8E0870-6847-4062-BDF4-E98F7C340E2B}.Debug|Any CPU.Build.0 = Debug|Any CPU
		{6D8E0870-6847-4062-BDF4-E98F7C340E2B}.Debug|x64.ActiveCfg = Debug|Any CPU
		{6D8E0870-6847-4062-BDF4-E98F7C340E2B}.Debug|x64.Build.0 = Debug|Any CPU
		{6D8E0870-6847-4062-BDF4-E98F7C340E2B}.Debug|x86.ActiveCfg = Debug|Any CPU
		{6D8E0870-6847-4062-BDF4-E98F7C340E2B}.Debug|x86.Build.0 = Debug|Any CPU
		{6D8E0870-6847-4062-BDF4-E98F7C340E2B}.Release|Any CPU.ActiveCfg = Release|Any CPU
		{6D8E0870-6847-4062-BDF4-E98F7C340E2B}.Release|Any CPU.Build.0 = Release|Any CPU
		{6D8E0870-6847-4062-BDF4-E98F7C340E2B}.Release|x64.ActiveCfg = Release|Any CPU
		{6D8E0870-6847-4062-BDF4-E98F7C340E2B}.Release|x64.Build.0 = Release|Any CPU
		{6D8E0870-6847-4062-BDF4-E98F7C340E2B}.Release|x86.ActiveCfg = Release|Any CPU
		{6D8E0870-6847-4062-BDF4-E98F7C340E2B}.Release|x86.Build.0 = Release|Any CPU
		{4B828F33-A9CA-4445-8584-94B909CEC1AA}.Debug|Any CPU.ActiveCfg = Debug|Any CPU
		{4B828F33-A9CA-4445-8584-94B909CEC1AA}.Debug|Any CPU.Build.0 = Debug|Any CPU
		{4B828F33-A9CA-4445-8584-94B909CEC1AA}.Debug|x64.ActiveCfg = Debug|Any CPU
		{4B828F33-A9CA-4445-8584-94B909CEC1AA}.Debug|x64.Build.0 = Debug|Any CPU
		{4B828F33-A9CA-4445-8584-94B909CEC1AA}.Debug|x86.ActiveCfg = Debug|Any CPU
		{4B828F33-A9CA-4445-8584-94B909CEC1AA}.Debug|x86.Build.0 = Debug|Any CPU
		{4B828F33-A9CA-4445-8584-94B909CEC1AA}.Release|Any CPU.ActiveCfg = Release|Any CPU
		{4B828F33-A9CA-4445-8584-94B909CEC1AA}.Release|Any CPU.Build.0 = Release|Any CPU
		{4B828F33-A9CA-4445-8584-94B909CEC1AA}.Release|x64.ActiveCfg = Release|Any CPU
		{4B828F33-A9CA-4445-8584-94B909CEC1AA}.Release|x64.Build.0 = Release|Any CPU
		{4B828F33-A9CA-4445-8584-94B909CEC1AA}.Release|x86.ActiveCfg = Release|Any CPU
		{4B828F33-A9CA-4445-8584-94B909CEC1AA}.Release|x86.Build.0 = Release|Any CPU
	EndGlobalSection
EndGlobal
