
Microsoft Visual Studio Solution File, Format Version 12.00
# Visual Studio 15
VisualStudioVersion = 15.0.26124.0
MinimumVisualStudioVersion = 15.0.26124.0
Project("{FAE04EC0-301F-11D3-BF4B-00C04F79EFBC}") = "SimpleDelegate", "SimpleDelegate\SimpleDelegate.csproj", "{925A1E1B-25FF-4288-A50A-562D43E732BD}"
EndProject
Project("{FAE04EC0-301F-11D3-BF4B-00C04F79EFBC}") = "CarDelegate", "CarDelegate\CarDelegate.csproj", "{069BF8C3-F94E-4EAD-92FA-42D929F76063}"
EndProject
Project("{FAE04EC0-301F-11D3-BF4B-00C04F79EFBC}") = "GenericDelegate", "GenericDelegate\GenericDelegate.csproj", "{BEE5F6BC-3DAB-4917-A26C-281B7CAC13AE}"
EndProject
Project("{FAE04EC0-301F-11D3-BF4B-00C04F79EFBC}") = "ActionAndFuncDelegates", "ActionAndFuncDelegates\ActionAndFuncDelegates.csproj", "{E1843F05-337A-42B8-8078-2404C727D927}"
EndProject
Project("{FAE04EC0-301F-11D3-BF4B-00C04F79EFBC}") = "CarEvents", "CarEvents\CarEvents.csproj", "{4C045A10-E603-4993-86CC-AAAB62D4A09A}"
EndProject
Project("{FAE04EC0-301F-11D3-BF4B-00C04F79EFBC}") = "AnonymousMethods", "AnonymousMethods\AnonymousMethods.csproj", "{35B961D7-4E34-43C1-8956-AB8F2147D580}"
EndProject
Global
	GlobalSection(SolutionConfigurationPlatforms) = preSolution
		Debug|Any CPU = Debug|Any CPU
		Debug|x64 = Debug|x64
		Debug|x86 = Debug|x86
		Release|Any CPU = Release|Any CPU
		Release|x64 = Release|x64
		Release|x86 = Release|x86
	EndGlobalSection
	GlobalSection(SolutionProperties) = preSolution
		HideSolutionNode = FALSE
	EndGlobalSection
	GlobalSection(ProjectConfigurationPlatforms) = postSolution
		{925A1E1B-25FF-4288-A50A-562D43E732BD}.Debug|Any CPU.ActiveCfg = Debug|Any CPU
		{925A1E1B-25FF-4288-A50A-562D43E732BD}.Debug|Any CPU.Build.0 = Debug|Any CPU
		{925A1E1B-25FF-4288-A50A-562D43E732BD}.Debug|x64.ActiveCfg = Debug|Any CPU
		{925A1E1B-25FF-4288-A50A-562D43E732BD}.Debug|x64.Build.0 = Debug|Any CPU
		{925A1E1B-25FF-4288-A50A-562D43E732BD}.Debug|x86.ActiveCfg = Debug|Any CPU
		{925A1E1B-25FF-4288-A50A-562D43E732BD}.Debug|x86.Build.0 = Debug|Any CPU
		{925A1E1B-25FF-4288-A50A-562D43E732BD}.Release|Any CPU.ActiveCfg = Release|Any CPU
		{925A1E1B-25FF-4288-A50A-562D43E732BD}.Release|Any CPU.Build.0 = Release|Any CPU
		{925A1E1B-25FF-4288-A50A-562D43E732BD}.Release|x64.ActiveCfg = Release|Any CPU
		{925A1E1B-25FF-4288-A50A-562D43E732BD}.Release|x64.Build.0 = Release|Any CPU
		{925A1E1B-25FF-4288-A50A-562D43E732BD}.Release|x86.ActiveCfg = Release|Any CPU
		{925A1E1B-25FF-4288-A50A-562D43E732BD}.Release|x86.Build.0 = Release|Any CPU
		{069BF8C3-F94E-4EAD-92FA-42D929F76063}.Debug|Any CPU.ActiveCfg = Debug|Any CPU
		{069BF8C3-F94E-4EAD-92FA-42D929F76063}.Debug|Any CPU.Build.0 = Debug|Any CPU
		{069BF8C3-F94E-4EAD-92FA-42D929F76063}.Debug|x64.ActiveCfg = Debug|Any CPU
		{069BF8C3-F94E-4EAD-92FA-42D929F76063}.Debug|x64.Build.0 = Debug|Any CPU
		{069BF8C3-F94E-4EAD-92FA-42D929F76063}.Debug|x86.ActiveCfg = Debug|Any CPU
		{069BF8C3-F94E-4EAD-92FA-42D929F76063}.Debug|x86.Build.0 = Debug|Any CPU
		{069BF8C3-F94E-4EAD-92FA-42D929F76063}.Release|Any CPU.ActiveCfg = Release|Any CPU
		{069BF8C3-F94E-4EAD-92FA-42D929F76063}.Release|Any CPU.Build.0 = Release|Any CPU
		{069BF8C3-F94E-4EAD-92FA-42D929F76063}.Release|x64.ActiveCfg = Release|Any CPU
		{069BF8C3-F94E-4EAD-92FA-42D929F76063}.Release|x64.Build.0 = Release|Any CPU
		{069BF8C3-F94E-4EAD-92FA-42D929F76063}.Release|x86.ActiveCfg = Release|Any CPU
		{069BF8C3-F94E-4EAD-92FA-42D929F76063}.Release|x86.Build.0 = Release|Any CPU
		{BEE5F6BC-3DAB-4917-A26C-281B7CAC13AE}.Debug|Any CPU.ActiveCfg = Debug|Any CPU
		{BEE5F6BC-3DAB-4917-A26C-281B7CAC13AE}.Debug|Any CPU.Build.0 = Debug|Any CPU
		{BEE5F6BC-3DAB-4917-A26C-281B7CAC13AE}.Debug|x64.ActiveCfg = Debug|Any CPU
		{BEE5F6BC-3DAB-4917-A26C-281B7CAC13AE}.Debug|x64.Build.0 = Debug|Any CPU
		{BEE5F6BC-3DAB-4917-A26C-281B7CAC13AE}.Debug|x86.ActiveCfg = Debug|Any CPU
		{BEE5F6BC-3DAB-4917-A26C-281B7CAC13AE}.Debug|x86.Build.0 = Debug|Any CPU
		{BEE5F6BC-3DAB-4917-A26C-281B7CAC13AE}.Release|Any CPU.ActiveCfg = Release|Any CPU
		{BEE5F6BC-3DAB-4917-A26C-281B7CAC13AE}.Release|Any CPU.Build.0 = Release|Any CPU
		{BEE5F6BC-3DAB-4917-A26C-281B7CAC13AE}.Release|x64.ActiveCfg = Release|Any CPU
		{BEE5F6BC-3DAB-4917-A26C-281B7CAC13AE}.Release|x64.Build.0 = Release|Any CPU
		{BEE5F6BC-3DAB-4917-A26C-281B7CAC13AE}.Release|x86.ActiveCfg = Release|Any CPU
		{BEE5F6BC-3DAB-4917-A26C-281B7CAC13AE}.Release|x86.Build.0 = Release|Any CPU
		{E1843F05-337A-42B8-8078-2404C727D927}.Debug|Any CPU.ActiveCfg = Debug|Any CPU
		{E1843F05-337A-42B8-8078-2404C727D927}.Debug|Any CPU.Build.0 = Debug|Any CPU
		{E1843F05-337A-42B8-8078-2404C727D927}.Debug|x64.ActiveCfg = Debug|Any CPU
		{E1843F05-337A-42B8-8078-2404C727D927}.Debug|x64.Build.0 = Debug|Any CPU
		{E1843F05-337A-42B8-8078-2404C727D927}.Debug|x86.ActiveCfg = Debug|Any CPU
		{E1843F05-337A-42B8-8078-2404C727D927}.Debug|x86.Build.0 = Debug|Any CPU
		{E1843F05-337A-42B8-8078-2404C727D927}.Release|Any CPU.ActiveCfg = Release|Any CPU
		{E1843F05-337A-42B8-8078-2404C727D927}.Release|Any CPU.Build.0 = Release|Any CPU
		{E1843F05-337A-42B8-8078-2404C727D927}.Release|x64.ActiveCfg = Release|Any CPU
		{E1843F05-337A-42B8-8078-2404C727D927}.Release|x64.Build.0 = Release|Any CPU
		{E1843F05-337A-42B8-8078-2404C727D927}.Release|x86.ActiveCfg = Release|Any CPU
		{E1843F05-337A-42B8-8078-2404C727D927}.Release|x86.Build.0 = Release|Any CPU
		{4C045A10-E603-4993-86CC-AAAB62D4A09A}.Debug|Any CPU.ActiveCfg = Debug|Any CPU
		{4C045A10-E603-4993-86CC-AAAB62D4A09A}.Debug|Any CPU.Build.0 = Debug|Any CPU
		{4C045A10-E603-4993-86CC-AAAB62D4A09A}.Debug|x64.ActiveCfg = Debug|Any CPU
		{4C045A10-E603-4993-86CC-AAAB62D4A09A}.Debug|x64.Build.0 = Debug|Any CPU
		{4C045A10-E603-4993-86CC-AAAB62D4A09A}.Debug|x86.ActiveCfg = Debug|Any CPU
		{4C045A10-E603-4993-86CC-AAAB62D4A09A}.Debug|x86.Build.0 = Debug|Any CPU
		{4C045A10-E603-4993-86CC-AAAB62D4A09A}.Release|Any CPU.ActiveCfg = Release|Any CPU
		{4C045A10-E603-4993-86CC-AAAB62D4A09A}.Release|Any CPU.Build.0 = Release|Any CPU
		{4C045A10-E603-4993-86CC-AAAB62D4A09A}.Release|x64.ActiveCfg = Release|Any CPU
		{4C045A10-E603-4993-86CC-AAAB62D4A09A}.Release|x64.Build.0 = Release|Any CPU
		{4C045A10-E603-4993-86CC-AAAB62D4A09A}.Release|x86.ActiveCfg = Release|Any CPU
		{4C045A10-E603-4993-86CC-AAAB62D4A09A}.Release|x86.Build.0 = Release|Any CPU
		{35B961D7-4E34-43C1-8956-AB8F2147D580}.Debug|Any CPU.ActiveCfg = Debug|Any CPU
		{35B961D7-4E34-43C1-8956-AB8F2147D580}.Debug|Any CPU.Build.0 = Debug|Any CPU
		{35B961D7-4E34-43C1-8956-AB8F2147D580}.Debug|x64.ActiveCfg = Debug|Any CPU
		{35B961D7-4E34-43C1-8956-AB8F2147D580}.Debug|x64.Build.0 = Debug|Any CPU
		{35B961D7-4E34-43C1-8956-AB8F2147D580}.Debug|x86.ActiveCfg = Debug|Any CPU
		{35B961D7-4E34-43C1-8956-AB8F2147D580}.Debug|x86.Build.0 = Debug|Any CPU
		{35B961D7-4E34-43C1-8956-AB8F2147D580}.Release|Any CPU.ActiveCfg = Release|Any CPU
		{35B961D7-4E34-43C1-8956-AB8F2147D580}.Release|Any CPU.Build.0 = Release|Any CPU
		{35B961D7-4E34-43C1-8956-AB8F2147D580}.Release|x64.ActiveCfg = Release|Any CPU
		{35B961D7-4E34-43C1-8956-AB8F2147D580}.Release|x64.Build.0 = Release|Any CPU
		{35B961D7-4E34-43C1-8956-AB8F2147D580}.Release|x86.ActiveCfg = Release|Any CPU
		{35B961D7-4E34-43C1-8956-AB8F2147D580}.Release|x86.Build.0 = Release|Any CPU
	EndGlobalSection
EndGlobal
